{
    "version": 3,
    "terraform_version": "0.12.31",
    "serial": 1,
    "lineage": "18be5709-7b29-a9e6-edff-248f36c66b97",
    "modules": [
        {
            "path": [
                "root"
            ],
            "outputs": {
                "aws_iam_group_policy_attachment_tfer--Admins_AdministratorAccess_id": {
                    "sensitive": false,
                    "type": "string",
                    "value": "Admins/arn:aws:iam::aws:policy/AdministratorAccess"
                },
                "aws_iam_group_tfer--Admins_id": {
                    "sensitive": false,
                    "type": "string",
                    "value": "Admins"
                },
                "aws_iam_instance_profile_tfer--TeamRoleInstanceProfile_id": {
                    "sensitive": false,
                    "type": "string",
                    "value": "TeamRoleInstanceProfile"
                },
                "aws_iam_policy_tfer--0d8fd6bfe6d74be58e0135dd7e51bb6e-002D-policy_id": {
                    "sensitive": false,
                    "type": "string",
                    "value": "arn:aws:iam::744302382340:policy/0d8fd6bfe6d74be58e0135dd7e51bb6e-policy"
                },
                "aws_iam_policy_tfer--AWSLambdaBasicExecutionRole-002D-aca4ff17-002D-7b91-002D-4d4f-002D-9572-002D-8d52cc3d6f27_id": {
                    "sensitive": false,
                    "type": "string",
                    "value": "arn:aws:iam::744302382340:policy/service-role/AWSLambdaBasicExecutionRole-aca4ff17-7b91-4d4f-9572-8d52cc3d6f27"
                },
                "aws_iam_policy_tfer--AWSLambdaBasicExecutionRole-002D-eee077fc-002D-9822-002D-44de-002D-82b5-002D-bf9ae4ab7284_id": {
                    "sensitive": false,
                    "type": "string",
                    "value": "arn:aws:iam::744302382340:policy/service-role/AWSLambdaBasicExecutionRole-eee077fc-9822-44de-82b5-bf9ae4ab7284"
                },
                "aws_iam_policy_tfer--CodeBuildBasePolicy-002D-sendtos3-002D-us-002D-east-002D-1_id": {
                    "sensitive": false,
                    "type": "string",
                    "value": "arn:aws:iam::744302382340:policy/service-role/CodeBuildBasePolicy-sendtos3-us-east-1"
                },
                "aws_iam_policy_tfer--CodeBuildCloudWatchLogsPolicy-002D-sendtos3-002D-us-002D-east-002D-1_id": {
                    "sensitive": false,
                    "type": "string",
                    "value": "arn:aws:iam::744302382340:policy/service-role/CodeBuildCloudWatchLogsPolicy-sendtos3-us-east-1"
                },
                "aws_iam_policy_tfer--apigatewayallpolicy_id": {
                    "sensitive": false,
                    "type": "string",
                    "value": "arn:aws:iam::744302382340:policy/apigatewayallpolicy"
                },
                "aws_iam_policy_tfer--ops-002D-default-002D-policy_id": {
                    "sensitive": false,
                    "type": "string",
                    "value": "arn:aws:iam::744302382340:policy/ops-default-policy"
                },
                "aws_iam_policy_tfer--team-002D-default-002D-policy_id": {
                    "sensitive": false,
                    "type": "string",
                    "value": "arn:aws:iam::744302382340:policy/team-default-policy"
                },
                "aws_iam_role_policy_attachment_tfer--AWSServiceRoleForAPIGateway_APIGatewayServiceRolePolicy_id": {
                    "sensitive": false,
                    "type": "string",
                    "value": "AWSServiceRoleForAPIGateway/arn:aws:iam::aws:policy/aws-service-role/APIGatewayServiceRolePolicy"
                },
                "aws_iam_role_policy_attachment_tfer--AWSServiceRoleForAWSCloud9_AWSCloud9ServiceRolePolicy_id": {
                    "sensitive": false,
                    "type": "string",
                    "value": "AWSServiceRoleForAWSCloud9/arn:aws:iam::aws:policy/aws-service-role/AWSCloud9ServiceRolePolicy"
                },
                "aws_iam_role_policy_attachment_tfer--AWSServiceRoleForAmazonElasticsearchService_AmazonElasticsearchServiceRolePolicy_id": {
                    "sensitive": false,
                    "type": "string",
                    "value": "AWSServiceRoleForAmazonElasticsearchService/arn:aws:iam::aws:policy/aws-service-role/AmazonElasticsearchServiceRolePolicy"
                },
                "aws_iam_role_policy_attachment_tfer--AWSServiceRoleForApplicationAutoScaling_AppStreamFleet_AWSApplicationAutoscalingAppStreamFleetPolicy_id": {
                    "sensitive": false,
                    "type": "string",
                    "value": "AWSServiceRoleForApplicationAutoScaling_AppStreamFleet/arn:aws:iam::aws:policy/aws-service-role/AWSApplicationAutoscalingAppStreamFleetPolicy"
                },
                "aws_iam_role_policy_attachment_tfer--AWSServiceRoleForApplicationAutoScaling_DynamoDBTable_AWSApplicationAutoscalingDynamoDBTablePolicy_id": {
                    "sensitive": false,
                    "type": "string",
                    "value": "AWSServiceRoleForApplicationAutoScaling_DynamoDBTable/arn:aws:iam::aws:policy/aws-service-role/AWSApplicationAutoscalingDynamoDBTablePolicy"
                },
                "aws_iam_role_policy_attachment_tfer--AWSServiceRoleForApplicationAutoScaling_EC2SpotFleetRequest_AWSApplicationAutoscalingEC2SpotFleetRequestPolicy_id": {
                    "sensitive": false,
                    "type": "string",
                    "value": "AWSServiceRoleForApplicationAutoScaling_EC2SpotFleetRequest/arn:aws:iam::aws:policy/aws-service-role/AWSApplicationAutoscalingEC2SpotFleetRequestPolicy"
                },
                "aws_iam_role_policy_attachment_tfer--AWSServiceRoleForApplicationAutoScaling_ECSService_AWSApplicationAutoscalingECSServicePolicy_id": {
                    "sensitive": false,
                    "type": "string",
                    "value": "AWSServiceRoleForApplicationAutoScaling_ECSService/arn:aws:iam::aws:policy/aws-service-role/AWSApplicationAutoscalingECSServicePolicy"
                },
                "aws_iam_role_policy_attachment_tfer--AWSServiceRoleForApplicationAutoScaling_RDSCluster_AWSApplicationAutoscalingRDSClusterPolicy_id": {
                    "sensitive": false,
                    "type": "string",
                    "value": "AWSServiceRoleForApplicationAutoScaling_RDSCluster/arn:aws:iam::aws:policy/aws-service-role/AWSApplicationAutoscalingRDSClusterPolicy"
                },
                "aws_iam_role_policy_attachment_tfer--AWSServiceRoleForCloudTrail_CloudTrailServiceRolePolicy_id": {
                    "sensitive": false,
                    "type": "string",
                    "value": "AWSServiceRoleForCloudTrail/arn:aws:iam::aws:policy/aws-service-role/CloudTrailServiceRolePolicy"
                },
                "aws_iam_role_policy_attachment_tfer--AWSServiceRoleForECS_AmazonECSServiceRolePolicy_id": {
                    "sensitive": false,
                    "type": "string",
                    "value": "AWSServiceRoleForECS/arn:aws:iam::aws:policy/aws-service-role/AmazonECSServiceRolePolicy"
                },
                "aws_iam_role_policy_attachment_tfer--AWSServiceRoleForOrganizations_AWSOrganizationsServiceTrustPolicy_id": {
                    "sensitive": false,
                    "type": "string",
                    "value": "AWSServiceRoleForOrganizations/arn:aws:iam::aws:policy/aws-service-role/AWSOrganizationsServiceTrustPolicy"
                },
                "aws_iam_role_policy_attachment_tfer--AWSServiceRoleForSupport_AWSSupportServiceRolePolicy_id": {
                    "sensitive": false,
                    "type": "string",
                    "value": "AWSServiceRoleForSupport/arn:aws:iam::aws:policy/aws-service-role/AWSSupportServiceRolePolicy"
                },
                "aws_iam_role_policy_attachment_tfer--AWSServiceRoleForTrustedAdvisor_AWSTrustedAdvisorServiceRolePolicy_id": {
                    "sensitive": false,
                    "type": "string",
                    "value": "AWSServiceRoleForTrustedAdvisor/arn:aws:iam::aws:policy/aws-service-role/AWSTrustedAdvisorServiceRolePolicy"
                },
                "aws_iam_role_policy_attachment_tfer--EEOverlordRole_AdministratorAccess_id": {
                    "sensitive": false,
                    "type": "string",
                    "value": "EEOverlordRole/arn:aws:iam::aws:policy/AdministratorAccess"
                },
                "aws_iam_role_policy_attachment_tfer--GetAllFunction-002D-role-002D-buwwkg2y_AWSLambdaBasicExecutionRole-002D-aca4ff17-002D-7b91-002D-4d4f-002D-9572-002D-8d52cc3d6f27_id": {
                    "sensitive": false,
                    "type": "string",
                    "value": "GetAllFunction-role-buwwkg2y/arn:aws:iam::744302382340:policy/service-role/AWSLambdaBasicExecutionRole-aca4ff17-7b91-4d4f-9572-8d52cc3d6f27"
                },
                "aws_iam_role_policy_attachment_tfer--OpsRole_AdministratorAccess_id": {
                    "sensitive": false,
                    "type": "string",
                    "value": "OpsRole/arn:aws:iam::aws:policy/AdministratorAccess"
                },
                "aws_iam_role_policy_attachment_tfer--OpsRole_ops-002D-default-002D-policy_id": {
                    "sensitive": false,
                    "type": "string",
                    "value": "OpsRole/arn:aws:iam::744302382340:policy/ops-default-policy"
                },
                "aws_iam_role_policy_attachment_tfer--TeamRole_0d8fd6bfe6d74be58e0135dd7e51bb6e-002D-policy_id": {
                    "sensitive": false,
                    "type": "string",
                    "value": "TeamRole/arn:aws:iam::744302382340:policy/0d8fd6bfe6d74be58e0135dd7e51bb6e-policy"
                },
                "aws_iam_role_policy_attachment_tfer--TeamRole_IAMFullAccess_id": {
                    "sensitive": false,
                    "type": "string",
                    "value": "TeamRole/arn:aws:iam::aws:policy/IAMFullAccess"
                },
                "aws_iam_role_policy_attachment_tfer--TeamRole_team-002D-default-002D-policy_id": {
                    "sensitive": false,
                    "type": "string",
                    "value": "TeamRole/arn:aws:iam::744302382340:policy/team-default-policy"
                },
                "aws_iam_role_policy_attachment_tfer--apigatewayrole_AmazonAPIGatewayPushToCloudWatchLogs_id": {
                    "sensitive": false,
                    "type": "string",
                    "value": "apigatewayrole/arn:aws:iam::aws:policy/service-role/AmazonAPIGatewayPushToCloudWatchLogs"
                },
                "aws_iam_role_policy_attachment_tfer--apigatewayrole_apigatewayallpolicy_id": {
                    "sensitive": false,
                    "type": "string",
                    "value": "apigatewayrole/arn:aws:iam::744302382340:policy/apigatewayallpolicy"
                },
                "aws_iam_role_policy_attachment_tfer--codebuild-002D-sendtos3-002D-service-002D-role_AdministratorAccess_id": {
                    "sensitive": false,
                    "type": "string",
                    "value": "codebuild-sendtos3-service-role/arn:aws:iam::aws:policy/AdministratorAccess"
                },
                "aws_iam_role_policy_attachment_tfer--codebuild-002D-sendtos3-002D-service-002D-role_CodeBuildBasePolicy-002D-sendtos3-002D-us-002D-east-002D-1_id": {
                    "sensitive": false,
                    "type": "string",
                    "value": "codebuild-sendtos3-service-role/arn:aws:iam::744302382340:policy/service-role/CodeBuildBasePolicy-sendtos3-us-east-1"
                },
                "aws_iam_role_policy_attachment_tfer--codebuild-002D-sendtos3-002D-service-002D-role_CodeBuildCloudWatchLogsPolicy-002D-sendtos3-002D-us-002D-east-002D-1_id": {
                    "sensitive": false,
                    "type": "string",
                    "value": "codebuild-sendtos3-service-role/arn:aws:iam::744302382340:policy/service-role/CodeBuildCloudWatchLogsPolicy-sendtos3-us-east-1"
                },
                "aws_iam_role_policy_attachment_tfer--dmQuestion-002D-role-002D-y49gvamh_AWSLambdaBasicExecutionRole-002D-eee077fc-002D-9822-002D-44de-002D-82b5-002D-bf9ae4ab7284_id": {
                    "sensitive": false,
                    "type": "string",
                    "value": "dmQuestion-role-y49gvamh/arn:aws:iam::744302382340:policy/service-role/AWSLambdaBasicExecutionRole-eee077fc-9822-44de-82b5-bf9ae4ab7284"
                },
                "aws_iam_role_policy_tfer--EEOrganizations_AdministratorAccess_id": {
                    "sensitive": false,
                    "type": "string",
                    "value": "EEOrganizations:AdministratorAccess"
                },
                "aws_iam_role_policy_tfer--GetAllFunction-002D-role-002D-buwwkg2y_AllAdminPolicy_id": {
                    "sensitive": false,
                    "type": "string",
                    "value": "GetAllFunction-role-buwwkg2y:AllAdminPolicy"
                },
                "aws_iam_role_tfer--AWSServiceRoleForAPIGateway_id": {
                    "sensitive": false,
                    "type": "string",
                    "value": "AWSServiceRoleForAPIGateway"
                },
                "aws_iam_role_tfer--AWSServiceRoleForAWSCloud9_id": {
                    "sensitive": false,
                    "type": "string",
                    "value": "AWSServiceRoleForAWSCloud9"
                },
                "aws_iam_role_tfer--AWSServiceRoleForAmazonElasticsearchService_id": {
                    "sensitive": false,
                    "type": "string",
                    "value": "AWSServiceRoleForAmazonElasticsearchService"
                },
                "aws_iam_role_tfer--AWSServiceRoleForApplicationAutoScaling_AppStreamFleet_id": {
                    "sensitive": false,
                    "type": "string",
                    "value": "AWSServiceRoleForApplicationAutoScaling_AppStreamFleet"
                },
                "aws_iam_role_tfer--AWSServiceRoleForApplicationAutoScaling_DynamoDBTable_id": {
                    "sensitive": false,
                    "type": "string",
                    "value": "AWSServiceRoleForApplicationAutoScaling_DynamoDBTable"
                },
                "aws_iam_role_tfer--AWSServiceRoleForApplicationAutoScaling_EC2SpotFleetRequest_id": {
                    "sensitive": false,
                    "type": "string",
                    "value": "AWSServiceRoleForApplicationAutoScaling_EC2SpotFleetRequest"
                },
                "aws_iam_role_tfer--AWSServiceRoleForApplicationAutoScaling_ECSService_id": {
                    "sensitive": false,
                    "type": "string",
                    "value": "AWSServiceRoleForApplicationAutoScaling_ECSService"
                },
                "aws_iam_role_tfer--AWSServiceRoleForApplicationAutoScaling_RDSCluster_id": {
                    "sensitive": false,
                    "type": "string",
                    "value": "AWSServiceRoleForApplicationAutoScaling_RDSCluster"
                },
                "aws_iam_role_tfer--AWSServiceRoleForCloudTrail_id": {
                    "sensitive": false,
                    "type": "string",
                    "value": "AWSServiceRoleForCloudTrail"
                },
                "aws_iam_role_tfer--AWSServiceRoleForECS_id": {
                    "sensitive": false,
                    "type": "string",
                    "value": "AWSServiceRoleForECS"
                },
                "aws_iam_role_tfer--AWSServiceRoleForOrganizations_id": {
                    "sensitive": false,
                    "type": "string",
                    "value": "AWSServiceRoleForOrganizations"
                },
                "aws_iam_role_tfer--AWSServiceRoleForSupport_id": {
                    "sensitive": false,
                    "type": "string",
                    "value": "AWSServiceRoleForSupport"
                },
                "aws_iam_role_tfer--AWSServiceRoleForTrustedAdvisor_id": {
                    "sensitive": false,
                    "type": "string",
                    "value": "AWSServiceRoleForTrustedAdvisor"
                },
                "aws_iam_role_tfer--EEOrganizations_id": {
                    "sensitive": false,
                    "type": "string",
                    "value": "EEOrganizations"
                },
                "aws_iam_role_tfer--EEOverlordRole_id": {
                    "sensitive": false,
                    "type": "string",
                    "value": "EEOverlordRole"
                },
                "aws_iam_role_tfer--GetAllFunction-002D-role-002D-buwwkg2y_id": {
                    "sensitive": false,
                    "type": "string",
                    "value": "GetAllFunction-role-buwwkg2y"
                },
                "aws_iam_role_tfer--OpsRole_id": {
                    "sensitive": false,
                    "type": "string",
                    "value": "OpsRole"
                },
                "aws_iam_role_tfer--TeamRole_id": {
                    "sensitive": false,
                    "type": "string",
                    "value": "TeamRole"
                },
                "aws_iam_role_tfer--apigatewayrole_id": {
                    "sensitive": false,
                    "type": "string",
                    "value": "apigatewayrole"
                },
                "aws_iam_role_tfer--codebuild-002D-sendtos3-002D-service-002D-role_id": {
                    "sensitive": false,
                    "type": "string",
                    "value": "codebuild-sendtos3-service-role"
                },
                "aws_iam_role_tfer--dmQuestion-002D-role-002D-y49gvamh_id": {
                    "sensitive": false,
                    "type": "string",
                    "value": "dmQuestion-role-y49gvamh"
                },
                "aws_iam_user_group_membership_tfer--Jeff-002F-Admins_id": {
                    "sensitive": false,
                    "type": "string",
                    "value": "Jeff/Admins"
                },
                "aws_iam_user_group_membership_tfer--Oleg-002F-Admins_id": {
                    "sensitive": false,
                    "type": "string",
                    "value": "Oleg/Admins"
                },
                "aws_iam_user_group_membership_tfer--dennis-002F-Admins_id": {
                    "sensitive": false,
                    "type": "string",
                    "value": "dennis/Admins"
                },
                "aws_iam_user_policy_attachment_tfer--EEOverlord_AdministratorAccess_id": {
                    "sensitive": false,
                    "type": "string",
                    "value": "EEOverlord/arn:aws:iam::aws:policy/AdministratorAccess"
                },
                "aws_iam_user_policy_attachment_tfer--Jeff_IAMUserChangePassword_id": {
                    "sensitive": false,
                    "type": "string",
                    "value": "Jeff/arn:aws:iam::aws:policy/IAMUserChangePassword"
                },
                "aws_iam_user_policy_attachment_tfer--Oleg_IAMUserChangePassword_id": {
                    "sensitive": false,
                    "type": "string",
                    "value": "Oleg/arn:aws:iam::aws:policy/IAMUserChangePassword"
                },
                "aws_iam_user_tfer--AIDA22S7BBUCBC7JNOTXM_id": {
                    "sensitive": false,
                    "type": "string",
                    "value": "Jeff"
                },
                "aws_iam_user_tfer--AIDA22S7BBUCJRE2Z4Q74_id": {
                    "sensitive": false,
                    "type": "string",
                    "value": "EEOverlord"
                },
                "aws_iam_user_tfer--AIDA22S7BBUCLSH2J2GRW_id": {
                    "sensitive": false,
                    "type": "string",
                    "value": "dennis"
                },
                "aws_iam_user_tfer--AIDA22S7BBUCMXA5KYJCA_id": {
                    "sensitive": false,
                    "type": "string",
                    "value": "Oleg"
                }
            },
            "resources": {
                "aws_iam_group.tfer--Admins": {
                    "type": "aws_iam_group",
                    "depends_on": [],
                    "primary": {
                        "id": "Admins",
                        "attributes": {
                            "arn": "arn:aws:iam::744302382340:group/Admins",
                            "id": "Admins",
                            "name": "Admins",
                            "path": "/",
                            "unique_id": "AGPA22S7BBUCEMWT6Z5OB"
                        },
                        "meta": {
                            "schema_version": 0
                        },
                        "tainted": false
                    },
                    "deposed": [],
                    "provider": "provider.aws"
                },
                "aws_iam_group_policy_attachment.tfer--Admins_AdministratorAccess": {
                    "type": "aws_iam_group_policy_attachment",
                    "depends_on": [],
                    "primary": {
                        "id": "Admins/arn:aws:iam::aws:policy/AdministratorAccess",
                        "attributes": {
                            "group": "Admins",
                            "id": "Admins/arn:aws:iam::aws:policy/AdministratorAccess",
                            "policy_arn": "arn:aws:iam::aws:policy/AdministratorAccess"
                        },
                        "meta": {
                            "schema_version": 0
                        },
                        "tainted": false
                    },
                    "deposed": [],
                    "provider": "provider.aws"
                },
                "aws_iam_instance_profile.tfer--TeamRoleInstanceProfile": {
                    "type": "aws_iam_instance_profile",
                    "depends_on": [],
                    "primary": {
                        "id": "TeamRoleInstanceProfile",
                        "attributes": {
                            "arn": "arn:aws:iam::744302382340:instance-profile/TeamRoleInstanceProfile",
                            "create_date": "2021-09-21T14:52:22Z",
                            "id": "TeamRoleInstanceProfile",
                            "name": "TeamRoleInstanceProfile",
                            "path": "/",
                            "role": "TeamRole",
                            "tags.%": "0",
                            "tags_all.%": "0",
                            "unique_id": "AIPA22S7BBUCLN5P4FPF3"
                        },
                        "meta": {
                            "schema_version": 0
                        },
                        "tainted": false
                    },
                    "deposed": [],
                    "provider": "provider.aws"
                },
                "aws_iam_policy.tfer--0d8fd6bfe6d74be58e0135dd7e51bb6e-002D-policy": {
                    "type": "aws_iam_policy",
                    "depends_on": [],
                    "primary": {
                        "id": "arn:aws:iam::744302382340:policy/0d8fd6bfe6d74be58e0135dd7e51bb6e-policy",
                        "attributes": {
                            "arn": "arn:aws:iam::744302382340:policy/0d8fd6bfe6d74be58e0135dd7e51bb6e-policy",
                            "description": "Team Policy",
                            "id": "arn:aws:iam::744302382340:policy/0d8fd6bfe6d74be58e0135dd7e51bb6e-policy",
                            "name": "0d8fd6bfe6d74be58e0135dd7e51bb6e-policy",
                            "path": "/",
                            "policy": "{\"Version\": \"2012-10-17\", \"Statement\": [{\"Resource\": \"*\", \"Action\": [\"access-analyzer:*\", \"acm-pca:*\", \"acm:*\", \"airflow:*\", \"amplify:*\", \"amplifybackend:*\", \"apigateway:*\", \"appconfig:*\", \"application-autoscaling:*\", \"applicationautoscaling:*\", \"appmesh:*\", \"apprunner:*\", \"appstream:*\", \"appsync:*\", \"aps:*\", \"arsenal:*\", \"artifact:*\", \"athena:*\", \"autoscaling-plans:*\", \"autoscaling:*\", \"awsconnector:*\", \"backup-storage:MountCapsule\", \"backup:*\", \"batch:*\", \"braket:*\", \"ce:*\", \"cloud9:*\", \"cloudformation:*\", \"cloudfront:*\", \"cloudhsm:*\", \"cloudmap:*\", \"cloudshell:*\", \"cloudtrail:*\", \"cloudwatch:*\", \"codeartifact:*\", \"codebuild:*\", \"codecommit:*\", \"codedeploy:*\", \"codeguru-profiler:*\", \"codeguru-reviewer:*\", \"codepipeline:*\", \"codestar-connections:*\", \"codestar:*\", \"cognito-identity:*\", \"cognito-idp:*\", \"cognito-sync:*\", \"comprehend:*\", \"comprehendmedical:*\", \"compute-optimizer:Get*\", \"config:*\", \"connect:*\", \"databrew:*\", \"dataexchange:*\", \"datapipeline:*\", \"datasync:*\", \"deepracer:*\", \"dms:*\", \"ds:*\", \"dynamodb:*\", \"ec2-instance-connect:SendSSHPublicKey\", \"ec2:*\", \"ec2messages:*\", \"ecr:*\", \"ecs:*\", \"eks:*\", \"elastic-inference:*\", \"elasticache:*\", \"elasticbeanstalk:*\", \"elasticfilesystem:*\", \"elasticloadbalancing:*\", \"elasticmapreduce:*\", \"emr:*\", \"es:*\", \"events:*\", \"execute-api:*\", \"firehose:*\", \"fis:*\", \"forecast:*\", \"freertos:*\", \"fsx:*\", \"gamelift:*\", \"geo:*\", \"glacier:*\", \"globalaccelerator:*\", \"glue:*\", \"greengrass:*\", \"guardduty:*\", \"healthlake:*\", \"iam:*\", \"imagebuilder:*\", \"inspector:*\", \"iot:*\", \"iotanalytics:*\", \"iotevents:*\", \"iotsitewise:*\", \"iotthingsgraph:*\", \"iotwireless:*\", \"ivs:*\", \"kafka:*\", \"kendra:*\", \"kinesis:*\", \"kinesisanalytics:*\", \"kinesisanalyticsv2:*\", \"kinesisvideo:*\", \"kms:*\", \"lakeformation:*\", \"lambda:*\", \"lex:*\", \"lightsail:*\", \"logs:*\", \"lookoutequipment:*\", \"lookoutmetrics:*\", \"lookoutvision:*\", \"macie2:*\", \"managedblockchain:*\", \"mediaconnect:*\", \"mediaconvert:*\", \"medialive:*\", \"mediapackage-vod:*\", \"mediapackage:*\", \"mediastore:*\", \"mediatailor:*\", \"mgh:*\", \"mgn:*\", \"mobiletargeting:*\", \"mq:*\", \"network-firewall:*\", \"personalize:*\", \"pi:*\", \"pinpoint:*\", \"polly:*\", \"pricing:*\", \"qldb:*\", \"quicksight:*\", \"rds-data:*\", \"rds-db:*\", \"rds:*\", \"redshift-data:*\", \"redshift:*\", \"rekognition:*\", \"resource-explorer:*\", \"resource-groups:*\", \"robomaker:*\", \"route53-recovery-cluster:*\", \"route53-recovery-control-config:*\", \"route53-recovery-readiness:*\", \"route53:*\", \"route53domains:DisableDomainAutoRenew\", \"route53domains:ListDomains\", \"route53resolver:*\", \"s3-object-lambda:*\", \"s3:*\", \"sagemaker:*\", \"schemas:*\", \"secretsmanager:*\", \"securityhub:*\", \"serverlessrepo:*\", \"servicecatalog:*\", \"servicediscovery:*\", \"ses:*\", \"sesv2:*\", \"signer:*\", \"sms:*\", \"sns:*\", \"sqs:*\", \"ssm:*\", \"ssmmessages:*\", \"states:*\", \"storagegateway:*\", \"sts:*\", \"synthetics:*\", \"tag:*\", \"textract:*\", \"tiros:*\", \"transcribe:*\", \"transfer:*\", \"translate:*\", \"trustedadvisor:*\", \"waf-regional:*\", \"waf:*\", \"wafv2:*\", \"wellarchitected:*\", \"xray:*\"], \"Effect\": \"Allow\", \"Sid\": \"AllReaperSupportedServices\"}, {\"Condition\": {\"StringLike\": {\"ec2:InstanceType\": [\"*6xlarge\", \"*8xlarge\", \"*10xlarge\", \"*12xlarge\", \"*16xlarge\", \"*18xlarge\", \"*24xlarge\", \"f1.4xlarge\", \"x1*\", \"z1*\", \"*metal\"]}}, \"Resource\": [\"arn:aws:ec2:*:*:instance/*\"], \"Action\": \"ec2:RunInstances\", \"Effect\": \"Deny\", \"Sid\": \"DenyXXLInstances\"}, {\"Resource\": \"*\", \"Action\": [\"ec2:ModifyReservedInstances\", \"ec2:PurchaseHostReservation\", \"ec2:PurchaseReservedInstancesOffering\", \"ec2:PurchaseScheduledInstances\", \"rds:PurchaseReservedDBInstancesOffering\", \"dynamodb:PurchaseReservedCapacityOfferings\"], \"Effect\": \"Deny\", \"Sid\": \"DontBuyReservationsPlz\"}, {\"Resource\": \"arn:aws:iam::744302382340:role/TeamRole\", \"Action\": \"iam:PassRole\", \"Effect\": \"Allow\", \"Sid\": \"PassRole\"}]}",
                            "policy_id": "ANPA22S7BBUCL26T7N6VY",
                            "tags.%": "0",
                            "tags_all.%": "0"
                        },
                        "meta": {
                            "schema_version": 0
                        },
                        "tainted": false
                    },
                    "deposed": [],
                    "provider": "provider.aws"
                },
                "aws_iam_policy.tfer--AWSLambdaBasicExecutionRole-002D-aca4ff17-002D-7b91-002D-4d4f-002D-9572-002D-8d52cc3d6f27": {
                    "type": "aws_iam_policy",
                    "depends_on": [],
                    "primary": {
                        "id": "arn:aws:iam::744302382340:policy/service-role/AWSLambdaBasicExecutionRole-aca4ff17-7b91-4d4f-9572-8d52cc3d6f27",
                        "attributes": {
                            "arn": "arn:aws:iam::744302382340:policy/service-role/AWSLambdaBasicExecutionRole-aca4ff17-7b91-4d4f-9572-8d52cc3d6f27",
                            "description": "",
                            "id": "arn:aws:iam::744302382340:policy/service-role/AWSLambdaBasicExecutionRole-aca4ff17-7b91-4d4f-9572-8d52cc3d6f27",
                            "name": "AWSLambdaBasicExecutionRole-aca4ff17-7b91-4d4f-9572-8d52cc3d6f27",
                            "path": "/service-role/",
                            "policy": "{\n    \"Version\": \"2012-10-17\",\n    \"Statement\": [\n        {\n            \"Effect\": \"Allow\",\n            \"Action\": \"logs:CreateLogGroup\",\n            \"Resource\": \"arn:aws:logs:us-east-1:744302382340:*\"\n        },\n        {\n            \"Effect\": \"Allow\",\n            \"Action\": [\n                \"logs:CreateLogStream\",\n                \"logs:PutLogEvents\"\n            ],\n            \"Resource\": [\n                \"arn:aws:logs:us-east-1:744302382340:log-group:/aws/lambda/GetAllFunction:*\"\n            ]\n        }\n    ]\n}",
                            "policy_id": "ANPA22S7BBUCONICCF3SI",
                            "tags.%": "0",
                            "tags_all.%": "0"
                        },
                        "meta": {
                            "schema_version": 0
                        },
                        "tainted": false
                    },
                    "deposed": [],
                    "provider": "provider.aws"
                },
                "aws_iam_policy.tfer--AWSLambdaBasicExecutionRole-002D-eee077fc-002D-9822-002D-44de-002D-82b5-002D-bf9ae4ab7284": {
                    "type": "aws_iam_policy",
                    "depends_on": [],
                    "primary": {
                        "id": "arn:aws:iam::744302382340:policy/service-role/AWSLambdaBasicExecutionRole-eee077fc-9822-44de-82b5-bf9ae4ab7284",
                        "attributes": {
                            "arn": "arn:aws:iam::744302382340:policy/service-role/AWSLambdaBasicExecutionRole-eee077fc-9822-44de-82b5-bf9ae4ab7284",
                            "description": "",
                            "id": "arn:aws:iam::744302382340:policy/service-role/AWSLambdaBasicExecutionRole-eee077fc-9822-44de-82b5-bf9ae4ab7284",
                            "name": "AWSLambdaBasicExecutionRole-eee077fc-9822-44de-82b5-bf9ae4ab7284",
                            "path": "/service-role/",
                            "policy": "{\n    \"Version\": \"2012-10-17\",\n    \"Statement\": [\n        {\n            \"Effect\": \"Allow\",\n            \"Action\": \"logs:CreateLogGroup\",\n            \"Resource\": \"arn:aws:logs:us-east-1:744302382340:*\"\n        },\n        {\n            \"Effect\": \"Allow\",\n            \"Action\": [\n                \"logs:CreateLogStream\",\n                \"logs:PutLogEvents\"\n            ],\n            \"Resource\": [\n                \"arn:aws:logs:us-east-1:744302382340:log-group:/aws/lambda/dmQuestion:*\"\n            ]\n        }\n    ]\n}",
                            "policy_id": "ANPA22S7BBUCIP4OTAWPV",
                            "tags.%": "0",
                            "tags_all.%": "0"
                        },
                        "meta": {
                            "schema_version": 0
                        },
                        "tainted": false
                    },
                    "deposed": [],
                    "provider": "provider.aws"
                },
                "aws_iam_policy.tfer--CodeBuildBasePolicy-002D-sendtos3-002D-us-002D-east-002D-1": {
                    "type": "aws_iam_policy",
                    "depends_on": [],
                    "primary": {
                        "id": "arn:aws:iam::744302382340:policy/service-role/CodeBuildBasePolicy-sendtos3-us-east-1",
                        "attributes": {
                            "arn": "arn:aws:iam::744302382340:policy/service-role/CodeBuildBasePolicy-sendtos3-us-east-1",
                            "description": "Policy used in trust relationship with CodeBuild",
                            "id": "arn:aws:iam::744302382340:policy/service-role/CodeBuildBasePolicy-sendtos3-us-east-1",
                            "name": "CodeBuildBasePolicy-sendtos3-us-east-1",
                            "path": "/service-role/",
                            "policy": "{\n    \"Version\": \"2012-10-17\",\n    \"Statement\": [\n        {\n            \"Effect\": \"Allow\",\n            \"Resource\": [\n                \"arn:aws:logs:us-east-1:744302382340:log-group:/aws/codebuild/sendtos3\",\n                \"arn:aws:logs:us-east-1:744302382340:log-group:/aws/codebuild/sendtos3:*\"\n            ],\n            \"Action\": [\n                \"logs:CreateLogGroup\",\n                \"logs:CreateLogStream\",\n                \"logs:PutLogEvents\"\n            ]\n        },\n        {\n            \"Effect\": \"Allow\",\n            \"Resource\": [\n                \"arn:aws:s3:::codepipeline-us-east-1-*\"\n            ],\n            \"Action\": [\n                \"s3:PutObject\",\n                \"s3:GetObject\",\n                \"s3:GetObjectVersion\",\n                \"s3:GetBucketAcl\",\n                \"s3:GetBucketLocation\"\n            ]\n        },\n        {\n            \"Effect\": \"Allow\",\n            \"Action\": [\n                \"codebuild:CreateReportGroup\",\n                \"codebuild:CreateReport\",\n                \"codebuild:UpdateReport\",\n                \"codebuild:BatchPutTestCases\",\n                \"codebuild:BatchPutCodeCoverages\"\n            ],\n            \"Resource\": [\n                \"arn:aws:codebuild:us-east-1:744302382340:report-group/sendtos3-*\"\n            ]\n        }\n    ]\n}",
                            "policy_id": "ANPA22S7BBUCGDULMMYRZ",
                            "tags.%": "0",
                            "tags_all.%": "0"
                        },
                        "meta": {
                            "schema_version": 0
                        },
                        "tainted": false
                    },
                    "deposed": [],
                    "provider": "provider.aws"
                },
                "aws_iam_policy.tfer--CodeBuildCloudWatchLogsPolicy-002D-sendtos3-002D-us-002D-east-002D-1": {
                    "type": "aws_iam_policy",
                    "depends_on": [],
                    "primary": {
                        "id": "arn:aws:iam::744302382340:policy/service-role/CodeBuildCloudWatchLogsPolicy-sendtos3-us-east-1",
                        "attributes": {
                            "arn": "arn:aws:iam::744302382340:policy/service-role/CodeBuildCloudWatchLogsPolicy-sendtos3-us-east-1",
                            "description": "Policy used in trust relationship with CodeBuild",
                            "id": "arn:aws:iam::744302382340:policy/service-role/CodeBuildCloudWatchLogsPolicy-sendtos3-us-east-1",
                            "name": "CodeBuildCloudWatchLogsPolicy-sendtos3-us-east-1",
                            "path": "/service-role/",
                            "policy": "{\n    \"Version\": \"2012-10-17\",\n    \"Statement\": [\n        {\n            \"Effect\": \"Allow\",\n            \"Resource\": [\n                \"arn:aws:logs:us-east-1:744302382340:log-group:codebuild\",\n                \"arn:aws:logs:us-east-1:744302382340:log-group:codebuild:*\"\n            ],\n            \"Action\": [\n                \"logs:CreateLogGroup\",\n                \"logs:CreateLogStream\",\n                \"logs:PutLogEvents\"\n            ]\n        }\n    ]\n}",
                            "policy_id": "ANPA22S7BBUCMTTH5MNBB",
                            "tags.%": "0",
                            "tags_all.%": "0"
                        },
                        "meta": {
                            "schema_version": 0
                        },
                        "tainted": false
                    },
                    "deposed": [],
                    "provider": "provider.aws"
                },
                "aws_iam_policy.tfer--apigatewayallpolicy": {
                    "type": "aws_iam_policy",
                    "depends_on": [],
                    "primary": {
                        "id": "arn:aws:iam::744302382340:policy/apigatewayallpolicy",
                        "attributes": {
                            "arn": "arn:aws:iam::744302382340:policy/apigatewayallpolicy",
                            "description": "",
                            "id": "arn:aws:iam::744302382340:policy/apigatewayallpolicy",
                            "name": "apigatewayallpolicy",
                            "path": "/",
                            "policy": "{\n    \"Version\": \"2012-10-17\",\n    \"Statement\": [\n        {\n            \"Sid\": \"KeysToKingdomStuff\",\n            \"Effect\": \"Allow\",\n            \"Action\": \"*\",\n            \"Resource\": \"*\"\n        }\n    ]\n}",
                            "policy_id": "ANPA22S7BBUCJVD74QKWH",
                            "tags.%": "0",
                            "tags_all.%": "0"
                        },
                        "meta": {
                            "schema_version": 0
                        },
                        "tainted": false
                    },
                    "deposed": [],
                    "provider": "provider.aws"
                },
                "aws_iam_policy.tfer--ops-002D-default-002D-policy": {
                    "type": "aws_iam_policy",
                    "depends_on": [],
                    "primary": {
                        "id": "arn:aws:iam::744302382340:policy/ops-default-policy",
                        "attributes": {
                            "arn": "arn:aws:iam::744302382340:policy/ops-default-policy",
                            "description": "ops role default policy",
                            "id": "arn:aws:iam::744302382340:policy/ops-default-policy",
                            "name": "ops-default-policy",
                            "path": "/",
                            "policy": "{\"Version\": \"2012-10-17\", \"Statement\": [{\"Sid\": \"DenyBlocklist\", \"Effect\": \"Deny\", \"Action\": [\"route53domains:*\", \"ec2:ModifyReservedInstances\", \"ec2:PurchaseHostReservation\", \"ec2:PurchaseReservedInstancesOffering\", \"ec2:PurchaseScheduledInstances\", \"rds:PurchaseReservedDBInstancesOffering\", \"dynamodb:PurchaseReservedCapacityOfferings\", \"s3:PutObjectRetention\", \"s3:PutObjectLegalHold\", \"s3:BypassGovernanceRetention\", \"s3:PutBucketObjectLockConfiguration\"], \"Resource\": \"*\"}, {\"Sid\": \"DenyAllOutsideAllowedRegions\", \"Effect\": \"Deny\", \"NotAction\": [\"iam:*\", \"sts:*\", \"s3:*\", \"ds:*\", \"artifact:Get\", \"artifact:DownloadAgreement\", \"lightsail:*\", \"braket:*\", \"quicksight:*\", \"cloudfront:*\", \"route53:*\", \"servicediscovery:*\", \"waf:*\", \"waf-regional:*\", \"wafv2:*\", \"cloudwatch:DescribeAlarms\", \"cloudwatch:PutMetricAlarm\", \"cloudwatch:DeleteAlarms\", \"cloudwatch:GetMetricStatistics\", \"ec2:Describe*\", \"ecr:GetDownloadUrlForLayer\", \"ecr:BatchGetImage\", \"ecr:BatchCheckLayerAvailability\", \"ecr:GetAuthorizationToken\", \"globalaccelerator:*\", \"acm:List*\", \"acm:Describe*\", \"kms:Describe*\", \"kms:ReEncrypt*\", \"kms:GenerateDataKey*\", \"kms:Get*\", \"kms:List*\", \"kms:CreateGrant\", \"kms:RevokeGrant\", \"ssm:List*\", \"directconnect:Describe*\"], \"Resource\": \"*\", \"Condition\": {\"StringNotEquals\": {\"aws:RequestedRegion\": [\"us-east-1\"]}}}]}",
                            "policy_id": "ANPA22S7BBUCBJJ5FPXIJ",
                            "tags.%": "0",
                            "tags_all.%": "0"
                        },
                        "meta": {
                            "schema_version": 0
                        },
                        "tainted": false
                    },
                    "deposed": [],
                    "provider": "provider.aws"
                },
                "aws_iam_policy.tfer--team-002D-default-002D-policy": {
                    "type": "aws_iam_policy",
                    "depends_on": [],
                    "primary": {
                        "id": "arn:aws:iam::744302382340:policy/team-default-policy",
                        "attributes": {
                            "arn": "arn:aws:iam::744302382340:policy/team-default-policy",
                            "description": "team default policy",
                            "id": "arn:aws:iam::744302382340:policy/team-default-policy",
                            "name": "team-default-policy",
                            "path": "/",
                            "policy": "{\"Version\": \"2012-10-17\", \"Statement\": [{\"Sid\": \"AllowIAMRO\", \"Effect\": \"Allow\", \"Action\": [\"iam:List*\", \"iam:Get*\", \"iam:Generate*\", \"sts:GetCallerIdentity\"], \"Resource\": \"*\"}, {\"Effect\": \"Allow\", \"Action\": \"iam:CreateServiceLinkedRole\", \"Resource\": \"arn:aws:iam::*:role/aws-service-role/*\"}, {\"Effect\": \"Allow\", \"Action\": [\"iam:PassRole\"], \"Resource\": \"arn:aws:iam::744302382340:role/TeamRole\"}, {\"Sid\": \"DenyBlocklist\", \"Effect\": \"Deny\", \"Action\": [\"route53domains:*\", \"ec2:ModifyReservedInstances\", \"ec2:PurchaseHostReservation\", \"ec2:PurchaseReservedInstancesOffering\", \"ec2:PurchaseScheduledInstances\", \"rds:PurchaseReservedDBInstancesOffering\", \"dynamodb:PurchaseReservedCapacityOfferings\", \"s3:PutObjectRetention\", \"s3:PutObjectLegalHold\", \"s3:BypassGovernanceRetention\", \"s3:PutBucketObjectLockConfiguration\"], \"Resource\": \"*\"}, {\"Sid\": \"DenyAllOutsideAllowedRegions\", \"Effect\": \"Deny\", \"NotAction\": [\"iam:*\", \"sts:*\", \"s3:*\", \"ds:*\", \"artifact:Get\", \"artifact:DownloadAgreement\", \"lightsail:*\", \"braket:*\", \"quicksight:*\", \"cloudfront:*\", \"route53:*\", \"servicediscovery:*\", \"waf:*\", \"waf-regional:*\", \"wafv2:*\", \"cloudwatch:DescribeAlarms\", \"cloudwatch:PutMetricAlarm\", \"cloudwatch:DeleteAlarms\", \"cloudwatch:GetMetricStatistics\", \"ec2:Describe*\", \"ecr:GetDownloadUrlForLayer\", \"ecr:BatchGetImage\", \"ecr:BatchCheckLayerAvailability\", \"ecr:GetAuthorizationToken\", \"globalaccelerator:*\", \"acm:List*\", \"acm:Describe*\", \"kms:Describe*\", \"kms:ReEncrypt*\", \"kms:GenerateDataKey*\", \"kms:Get*\", \"kms:List*\", \"kms:CreateGrant\", \"kms:RevokeGrant\", \"ssm:List*\", \"directconnect:Describe*\"], \"Resource\": \"*\", \"Condition\": {\"StringNotEquals\": {\"aws:RequestedRegion\": [\"us-east-1\"]}}}]}",
                            "policy_id": "ANPA22S7BBUCJJ6QY5SDR",
                            "tags.%": "0",
                            "tags_all.%": "0"
                        },
                        "meta": {
                            "schema_version": 0
                        },
                        "tainted": false
                    },
                    "deposed": [],
                    "provider": "provider.aws"
                },
                "aws_iam_role.tfer--AWSServiceRoleForAPIGateway": {
                    "type": "aws_iam_role",
                    "depends_on": [],
                    "primary": {
                        "id": "AWSServiceRoleForAPIGateway",
                        "attributes": {
                            "arn": "arn:aws:iam::744302382340:role/aws-service-role/ops.apigateway.amazonaws.com/AWSServiceRoleForAPIGateway",
                            "assume_role_policy": "{\"Version\":\"2012-10-17\",\"Statement\":[{\"Effect\":\"Allow\",\"Principal\":{\"Service\":\"ops.apigateway.amazonaws.com\"},\"Action\":\"sts:AssumeRole\"}]}",
                            "create_date": "2021-09-21T15:09:04Z",
                            "description": "The Service Linked Role is used by Amazon API Gateway.",
                            "id": "AWSServiceRoleForAPIGateway",
                            "inline_policy.#": "1",
                            "inline_policy.0.name": "",
                            "inline_policy.0.policy": "",
                            "managed_policy_arns.#": "1",
                            "managed_policy_arns.0": "arn:aws:iam::aws:policy/aws-service-role/APIGatewayServiceRolePolicy",
                            "max_session_duration": "3600",
                            "name": "AWSServiceRoleForAPIGateway",
                            "name_prefix": "",
                            "path": "/aws-service-role/ops.apigateway.amazonaws.com/",
                            "tags.%": "0",
                            "tags_all.%": "0",
                            "unique_id": "AROA22S7BBUCASAED4OHJ"
                        },
                        "meta": {
                            "schema_version": 0
                        },
                        "tainted": false
                    },
                    "deposed": [],
                    "provider": "provider.aws"
                },
                "aws_iam_role.tfer--AWSServiceRoleForAWSCloud9": {
                    "type": "aws_iam_role",
                    "depends_on": [],
                    "primary": {
                        "id": "AWSServiceRoleForAWSCloud9",
                        "attributes": {
                            "arn": "arn:aws:iam::744302382340:role/aws-service-role/cloud9.amazonaws.com/AWSServiceRoleForAWSCloud9",
                            "assume_role_policy": "{\"Version\":\"2012-10-17\",\"Statement\":[{\"Effect\":\"Allow\",\"Principal\":{\"Service\":\"cloud9.amazonaws.com\"},\"Action\":\"sts:AssumeRole\"}]}",
                            "create_date": "2021-09-21T14:52:45Z",
                            "description": "",
                            "id": "AWSServiceRoleForAWSCloud9",
                            "inline_policy.#": "1",
                            "inline_policy.0.name": "",
                            "inline_policy.0.policy": "",
                            "managed_policy_arns.#": "1",
                            "managed_policy_arns.0": "arn:aws:iam::aws:policy/aws-service-role/AWSCloud9ServiceRolePolicy",
                            "max_session_duration": "3600",
                            "name": "AWSServiceRoleForAWSCloud9",
                            "name_prefix": "",
                            "path": "/aws-service-role/cloud9.amazonaws.com/",
                            "tags.%": "0",
                            "tags_all.%": "0",
                            "unique_id": "AROA22S7BBUCKOTO3M4IG"
                        },
                        "meta": {
                            "schema_version": 0
                        },
                        "tainted": false
                    },
                    "deposed": [],
                    "provider": "provider.aws"
                },
                "aws_iam_role.tfer--AWSServiceRoleForAmazonElasticsearchService": {
                    "type": "aws_iam_role",
                    "depends_on": [],
                    "primary": {
                        "id": "AWSServiceRoleForAmazonElasticsearchService",
                        "attributes": {
                            "arn": "arn:aws:iam::744302382340:role/aws-service-role/es.amazonaws.com/AWSServiceRoleForAmazonElasticsearchService",
                            "assume_role_policy": "{\"Version\":\"2012-10-17\",\"Statement\":[{\"Effect\":\"Allow\",\"Principal\":{\"Service\":\"es.amazonaws.com\"},\"Action\":\"sts:AssumeRole\"}]}",
                            "create_date": "2021-09-21T14:52:45Z",
                            "description": "",
                            "id": "AWSServiceRoleForAmazonElasticsearchService",
                            "inline_policy.#": "1",
                            "inline_policy.0.name": "",
                            "inline_policy.0.policy": "",
                            "managed_policy_arns.#": "1",
                            "managed_policy_arns.0": "arn:aws:iam::aws:policy/aws-service-role/AmazonElasticsearchServiceRolePolicy",
                            "max_session_duration": "3600",
                            "name": "AWSServiceRoleForAmazonElasticsearchService",
                            "name_prefix": "",
                            "path": "/aws-service-role/es.amazonaws.com/",
                            "tags.%": "0",
                            "tags_all.%": "0",
                            "unique_id": "AROA22S7BBUCCFX7NL7DW"
                        },
                        "meta": {
                            "schema_version": 0
                        },
                        "tainted": false
                    },
                    "deposed": [],
                    "provider": "provider.aws"
                },
                "aws_iam_role.tfer--AWSServiceRoleForApplicationAutoScaling_AppStreamFleet": {
                    "type": "aws_iam_role",
                    "depends_on": [],
                    "primary": {
                        "id": "AWSServiceRoleForApplicationAutoScaling_AppStreamFleet",
                        "attributes": {
                            "arn": "arn:aws:iam::744302382340:role/aws-service-role/appstream.application-autoscaling.amazonaws.com/AWSServiceRoleForApplicationAutoScaling_AppStreamFleet",
                            "assume_role_policy": "{\"Version\":\"2012-10-17\",\"Statement\":[{\"Effect\":\"Allow\",\"Principal\":{\"Service\":\"appstream.application-autoscaling.amazonaws.com\"},\"Action\":\"sts:AssumeRole\"}]}",
                            "create_date": "2021-09-21T14:52:42Z",
                            "description": "",
                            "id": "AWSServiceRoleForApplicationAutoScaling_AppStreamFleet",
                            "inline_policy.#": "1",
                            "inline_policy.0.name": "",
                            "inline_policy.0.policy": "",
                            "managed_policy_arns.#": "1",
                            "managed_policy_arns.0": "arn:aws:iam::aws:policy/aws-service-role/AWSApplicationAutoscalingAppStreamFleetPolicy",
                            "max_session_duration": "3600",
                            "name": "AWSServiceRoleForApplicationAutoScaling_AppStreamFleet",
                            "name_prefix": "",
                            "path": "/aws-service-role/appstream.application-autoscaling.amazonaws.com/",
                            "tags.%": "0",
                            "tags_all.%": "0",
                            "unique_id": "AROA22S7BBUCNMVO2KY7E"
                        },
                        "meta": {
                            "schema_version": 0
                        },
                        "tainted": false
                    },
                    "deposed": [],
                    "provider": "provider.aws"
                },
                "aws_iam_role.tfer--AWSServiceRoleForApplicationAutoScaling_DynamoDBTable": {
                    "type": "aws_iam_role",
                    "depends_on": [],
                    "primary": {
                        "id": "AWSServiceRoleForApplicationAutoScaling_DynamoDBTable",
                        "attributes": {
                            "arn": "arn:aws:iam::744302382340:role/aws-service-role/dynamodb.application-autoscaling.amazonaws.com/AWSServiceRoleForApplicationAutoScaling_DynamoDBTable",
                            "assume_role_policy": "{\"Version\":\"2012-10-17\",\"Statement\":[{\"Effect\":\"Allow\",\"Principal\":{\"Service\":\"dynamodb.application-autoscaling.amazonaws.com\"},\"Action\":\"sts:AssumeRole\"}]}",
                            "create_date": "2021-09-21T14:52:43Z",
                            "description": "",
                            "id": "AWSServiceRoleForApplicationAutoScaling_DynamoDBTable",
                            "inline_policy.#": "1",
                            "inline_policy.0.name": "",
                            "inline_policy.0.policy": "",
                            "managed_policy_arns.#": "1",
                            "managed_policy_arns.0": "arn:aws:iam::aws:policy/aws-service-role/AWSApplicationAutoscalingDynamoDBTablePolicy",
                            "max_session_duration": "3600",
                            "name": "AWSServiceRoleForApplicationAutoScaling_DynamoDBTable",
                            "name_prefix": "",
                            "path": "/aws-service-role/dynamodb.application-autoscaling.amazonaws.com/",
                            "tags.%": "0",
                            "tags_all.%": "0",
                            "unique_id": "AROA22S7BBUCKZ2H5DX5V"
                        },
                        "meta": {
                            "schema_version": 0
                        },
                        "tainted": false
                    },
                    "deposed": [],
                    "provider": "provider.aws"
                },
                "aws_iam_role.tfer--AWSServiceRoleForApplicationAutoScaling_EC2SpotFleetRequest": {
                    "type": "aws_iam_role",
                    "depends_on": [],
                    "primary": {
                        "id": "AWSServiceRoleForApplicationAutoScaling_EC2SpotFleetRequest",
                        "attributes": {
                            "arn": "arn:aws:iam::744302382340:role/aws-service-role/ec2.application-autoscaling.amazonaws.com/AWSServiceRoleForApplicationAutoScaling_EC2SpotFleetRequest",
                            "assume_role_policy": "{\"Version\":\"2012-10-17\",\"Statement\":[{\"Effect\":\"Allow\",\"Principal\":{\"Service\":\"ec2.application-autoscaling.amazonaws.com\"},\"Action\":\"sts:AssumeRole\"}]}",
                            "create_date": "2021-09-21T14:52:43Z",
                            "description": "",
                            "id": "AWSServiceRoleForApplicationAutoScaling_EC2SpotFleetRequest",
                            "inline_policy.#": "1",
                            "inline_policy.0.name": "",
                            "inline_policy.0.policy": "",
                            "managed_policy_arns.#": "1",
                            "managed_policy_arns.0": "arn:aws:iam::aws:policy/aws-service-role/AWSApplicationAutoscalingEC2SpotFleetRequestPolicy",
                            "max_session_duration": "3600",
                            "name": "AWSServiceRoleForApplicationAutoScaling_EC2SpotFleetRequest",
                            "name_prefix": "",
                            "path": "/aws-service-role/ec2.application-autoscaling.amazonaws.com/",
                            "tags.%": "0",
                            "tags_all.%": "0",
                            "unique_id": "AROA22S7BBUCIKUGDZQEV"
                        },
                        "meta": {
                            "schema_version": 0
                        },
                        "tainted": false
                    },
                    "deposed": [],
                    "provider": "provider.aws"
                },
                "aws_iam_role.tfer--AWSServiceRoleForApplicationAutoScaling_ECSService": {
                    "type": "aws_iam_role",
                    "depends_on": [],
                    "primary": {
                        "id": "AWSServiceRoleForApplicationAutoScaling_ECSService",
                        "attributes": {
                            "arn": "arn:aws:iam::744302382340:role/aws-service-role/ecs.application-autoscaling.amazonaws.com/AWSServiceRoleForApplicationAutoScaling_ECSService",
                            "assume_role_policy": "{\"Version\":\"2012-10-17\",\"Statement\":[{\"Effect\":\"Allow\",\"Principal\":{\"Service\":\"ecs.application-autoscaling.amazonaws.com\"},\"Action\":\"sts:AssumeRole\"}]}",
                            "create_date": "2021-09-21T14:52:44Z",
                            "description": "",
                            "id": "AWSServiceRoleForApplicationAutoScaling_ECSService",
                            "inline_policy.#": "1",
                            "inline_policy.0.name": "",
                            "inline_policy.0.policy": "",
                            "managed_policy_arns.#": "1",
                            "managed_policy_arns.0": "arn:aws:iam::aws:policy/aws-service-role/AWSApplicationAutoscalingECSServicePolicy",
                            "max_session_duration": "3600",
                            "name": "AWSServiceRoleForApplicationAutoScaling_ECSService",
                            "name_prefix": "",
                            "path": "/aws-service-role/ecs.application-autoscaling.amazonaws.com/",
                            "tags.%": "0",
                            "tags_all.%": "0",
                            "unique_id": "AROA22S7BBUCJAKCGVVN4"
                        },
                        "meta": {
                            "schema_version": 0
                        },
                        "tainted": false
                    },
                    "deposed": [],
                    "provider": "provider.aws"
                },
                "aws_iam_role.tfer--AWSServiceRoleForApplicationAutoScaling_RDSCluster": {
                    "type": "aws_iam_role",
                    "depends_on": [],
                    "primary": {
                        "id": "AWSServiceRoleForApplicationAutoScaling_RDSCluster",
                        "attributes": {
                            "arn": "arn:aws:iam::744302382340:role/aws-service-role/rds.application-autoscaling.amazonaws.com/AWSServiceRoleForApplicationAutoScaling_RDSCluster",
                            "assume_role_policy": "{\"Version\":\"2012-10-17\",\"Statement\":[{\"Effect\":\"Allow\",\"Principal\":{\"Service\":\"rds.application-autoscaling.amazonaws.com\"},\"Action\":\"sts:AssumeRole\"}]}",
                            "create_date": "2021-09-21T14:52:44Z",
                            "description": "",
                            "id": "AWSServiceRoleForApplicationAutoScaling_RDSCluster",
                            "inline_policy.#": "1",
                            "inline_policy.0.name": "",
                            "inline_policy.0.policy": "",
                            "managed_policy_arns.#": "1",
                            "managed_policy_arns.0": "arn:aws:iam::aws:policy/aws-service-role/AWSApplicationAutoscalingRDSClusterPolicy",
                            "max_session_duration": "3600",
                            "name": "AWSServiceRoleForApplicationAutoScaling_RDSCluster",
                            "name_prefix": "",
                            "path": "/aws-service-role/rds.application-autoscaling.amazonaws.com/",
                            "tags.%": "0",
                            "tags_all.%": "0",
                            "unique_id": "AROA22S7BBUCHMVDSJ5CM"
                        },
                        "meta": {
                            "schema_version": 0
                        },
                        "tainted": false
                    },
                    "deposed": [],
                    "provider": "provider.aws"
                },
                "aws_iam_role.tfer--AWSServiceRoleForCloudTrail": {
                    "type": "aws_iam_role",
                    "depends_on": [],
                    "primary": {
                        "id": "AWSServiceRoleForCloudTrail",
                        "attributes": {
                            "arn": "arn:aws:iam::744302382340:role/aws-service-role/cloudtrail.amazonaws.com/AWSServiceRoleForCloudTrail",
                            "assume_role_policy": "{\"Version\":\"2012-10-17\",\"Statement\":[{\"Effect\":\"Allow\",\"Principal\":{\"Service\":\"cloudtrail.amazonaws.com\"},\"Action\":\"sts:AssumeRole\"}]}",
                            "create_date": "2021-02-04T00:26:15Z",
                            "description": "",
                            "id": "AWSServiceRoleForCloudTrail",
                            "inline_policy.#": "1",
                            "inline_policy.0.name": "",
                            "inline_policy.0.policy": "",
                            "managed_policy_arns.#": "1",
                            "managed_policy_arns.0": "arn:aws:iam::aws:policy/aws-service-role/CloudTrailServiceRolePolicy",
                            "max_session_duration": "3600",
                            "name": "AWSServiceRoleForCloudTrail",
                            "name_prefix": "",
                            "path": "/aws-service-role/cloudtrail.amazonaws.com/",
                            "tags.%": "0",
                            "tags_all.%": "0",
                            "unique_id": "AROA22S7BBUCO4GQTWXNU"
                        },
                        "meta": {
                            "schema_version": 0
                        },
                        "tainted": false
                    },
                    "deposed": [],
                    "provider": "provider.aws"
                },
                "aws_iam_role.tfer--AWSServiceRoleForECS": {
                    "type": "aws_iam_role",
                    "depends_on": [],
                    "primary": {
                        "id": "AWSServiceRoleForECS",
                        "attributes": {
                            "arn": "arn:aws:iam::744302382340:role/aws-service-role/ecs.amazonaws.com/AWSServiceRoleForECS",
                            "assume_role_policy": "{\"Version\":\"2012-10-17\",\"Statement\":[{\"Effect\":\"Allow\",\"Principal\":{\"Service\":\"ecs.amazonaws.com\"},\"Action\":\"sts:AssumeRole\"}]}",
                            "create_date": "2021-09-21T14:52:44Z",
                            "description": "",
                            "id": "AWSServiceRoleForECS",
                            "inline_policy.#": "1",
                            "inline_policy.0.name": "",
                            "inline_policy.0.policy": "",
                            "managed_policy_arns.#": "1",
                            "managed_policy_arns.0": "arn:aws:iam::aws:policy/aws-service-role/AmazonECSServiceRolePolicy",
                            "max_session_duration": "3600",
                            "name": "AWSServiceRoleForECS",
                            "name_prefix": "",
                            "path": "/aws-service-role/ecs.amazonaws.com/",
                            "tags.%": "0",
                            "tags_all.%": "0",
                            "unique_id": "AROA22S7BBUCFG4IATZZZ"
                        },
                        "meta": {
                            "schema_version": 0
                        },
                        "tainted": false
                    },
                    "deposed": [],
                    "provider": "provider.aws"
                },
                "aws_iam_role.tfer--AWSServiceRoleForOrganizations": {
                    "type": "aws_iam_role",
                    "depends_on": [],
                    "primary": {
                        "id": "AWSServiceRoleForOrganizations",
                        "attributes": {
                            "arn": "arn:aws:iam::744302382340:role/aws-service-role/organizations.amazonaws.com/AWSServiceRoleForOrganizations",
                            "assume_role_policy": "{\"Version\":\"2012-10-17\",\"Statement\":[{\"Effect\":\"Allow\",\"Principal\":{\"Service\":\"organizations.amazonaws.com\"},\"Action\":\"sts:AssumeRole\"}]}",
                            "create_date": "2021-02-04T00:23:14Z",
                            "description": "Service-linked role used by AWS Organizations to enable integration of other AWS services with Organizations.",
                            "id": "AWSServiceRoleForOrganizations",
                            "inline_policy.#": "1",
                            "inline_policy.0.name": "",
                            "inline_policy.0.policy": "",
                            "managed_policy_arns.#": "1",
                            "managed_policy_arns.0": "arn:aws:iam::aws:policy/aws-service-role/AWSOrganizationsServiceTrustPolicy",
                            "max_session_duration": "3600",
                            "name": "AWSServiceRoleForOrganizations",
                            "name_prefix": "",
                            "path": "/aws-service-role/organizations.amazonaws.com/",
                            "tags.%": "0",
                            "tags_all.%": "0",
                            "unique_id": "AROA22S7BBUCE32TDNATS"
                        },
                        "meta": {
                            "schema_version": 0
                        },
                        "tainted": false
                    },
                    "deposed": [],
                    "provider": "provider.aws"
                },
                "aws_iam_role.tfer--AWSServiceRoleForSupport": {
                    "type": "aws_iam_role",
                    "depends_on": [],
                    "primary": {
                        "id": "AWSServiceRoleForSupport",
                        "attributes": {
                            "arn": "arn:aws:iam::744302382340:role/aws-service-role/support.amazonaws.com/AWSServiceRoleForSupport",
                            "assume_role_policy": "{\"Version\":\"2012-10-17\",\"Statement\":[{\"Effect\":\"Allow\",\"Principal\":{\"Service\":\"support.amazonaws.com\"},\"Action\":\"sts:AssumeRole\"}]}",
                            "create_date": "2021-02-04T00:23:13Z",
                            "description": "Enables resource access for AWS to provide billing, administrative and support services",
                            "id": "AWSServiceRoleForSupport",
                            "inline_policy.#": "1",
                            "inline_policy.0.name": "",
                            "inline_policy.0.policy": "",
                            "managed_policy_arns.#": "1",
                            "managed_policy_arns.0": "arn:aws:iam::aws:policy/aws-service-role/AWSSupportServiceRolePolicy",
                            "max_session_duration": "3600",
                            "name": "AWSServiceRoleForSupport",
                            "name_prefix": "",
                            "path": "/aws-service-role/support.amazonaws.com/",
                            "tags.%": "0",
                            "tags_all.%": "0",
                            "unique_id": "AROA22S7BBUCPD5XDIXEG"
                        },
                        "meta": {
                            "schema_version": 0
                        },
                        "tainted": false
                    },
                    "deposed": [],
                    "provider": "provider.aws"
                },
                "aws_iam_role.tfer--AWSServiceRoleForTrustedAdvisor": {
                    "type": "aws_iam_role",
                    "depends_on": [],
                    "primary": {
                        "id": "AWSServiceRoleForTrustedAdvisor",
                        "attributes": {
                            "arn": "arn:aws:iam::744302382340:role/aws-service-role/trustedadvisor.amazonaws.com/AWSServiceRoleForTrustedAdvisor",
                            "assume_role_policy": "{\"Version\":\"2012-10-17\",\"Statement\":[{\"Effect\":\"Allow\",\"Principal\":{\"Service\":\"trustedadvisor.amazonaws.com\"},\"Action\":\"sts:AssumeRole\"}]}",
                            "create_date": "2021-02-04T00:23:13Z",
                            "description": "Access for the AWS Trusted Advisor Service to help reduce cost, increase performance, and improve security of your AWS environment.",
                            "id": "AWSServiceRoleForTrustedAdvisor",
                            "inline_policy.#": "1",
                            "inline_policy.0.name": "",
                            "inline_policy.0.policy": "",
                            "managed_policy_arns.#": "1",
                            "managed_policy_arns.0": "arn:aws:iam::aws:policy/aws-service-role/AWSTrustedAdvisorServiceRolePolicy",
                            "max_session_duration": "3600",
                            "name": "AWSServiceRoleForTrustedAdvisor",
                            "name_prefix": "",
                            "path": "/aws-service-role/trustedadvisor.amazonaws.com/",
                            "tags.%": "0",
                            "tags_all.%": "0",
                            "unique_id": "AROA22S7BBUCJVVSGUUDX"
                        },
                        "meta": {
                            "schema_version": 0
                        },
                        "tainted": false
                    },
                    "deposed": [],
                    "provider": "provider.aws"
                },
                "aws_iam_role.tfer--EEOrganizations": {
                    "type": "aws_iam_role",
                    "depends_on": [],
                    "primary": {
                        "id": "EEOrganizations",
                        "attributes": {
                            "arn": "arn:aws:iam::744302382340:role/EEOrganizations",
                            "assume_role_policy": "{\"Version\":\"2012-10-17\",\"Statement\":[{\"Effect\":\"Allow\",\"Principal\":{\"AWS\":\"arn:aws:iam::636232634797:root\"},\"Action\":\"sts:AssumeRole\"},{\"Sid\":\"EEControlPlaneAccountTrust\",\"Effect\":\"Allow\",\"Principal\":{\"AWS\":[\"arn:aws:iam::572239370997:root\",\"arn:aws:iam::122334600246:root\"]},\"Action\":\"sts:AssumeRole\",\"Condition\":{\"StringEquals\":{\"sts:ExternalId\":\"f28fc0c27a7d4a35b4ff11d834bba826\"}}}]}",
                            "create_date": "2021-02-04T00:23:13Z",
                            "description": "",
                            "id": "EEOrganizations",
                            "inline_policy.#": "1",
                            "inline_policy.0.name": "AdministratorAccess",
                            "inline_policy.0.policy": "{\"Version\":\"2012-10-17\",\"Statement\":[{\"Effect\":\"Allow\",\"Action\":\"*\",\"Resource\":\"*\"}]}",
                            "managed_policy_arns.#": "0",
                            "max_session_duration": "3600",
                            "name": "EEOrganizations",
                            "name_prefix": "",
                            "path": "/",
                            "tags.%": "0",
                            "tags_all.%": "0",
                            "unique_id": "AROA22S7BBUCBUFA5TYLN"
                        },
                        "meta": {
                            "schema_version": 0
                        },
                        "tainted": false
                    },
                    "deposed": [],
                    "provider": "provider.aws"
                },
                "aws_iam_role.tfer--EEOverlordRole": {
                    "type": "aws_iam_role",
                    "depends_on": [],
                    "primary": {
                        "id": "EEOverlordRole",
                        "attributes": {
                            "arn": "arn:aws:iam::744302382340:role/EEOverlordRole",
                            "assume_role_policy": "{\"Version\":\"2012-10-17\",\"Statement\":[{\"Sid\":\"EEControlPlaneAccountTrust\",\"Effect\":\"Allow\",\"Principal\":{\"AWS\":[\"arn:aws:iam::122334600246:root\",\"arn:aws:iam::572239370997:root\"]},\"Action\":\"sts:AssumeRole\",\"Condition\":{\"StringEquals\":{\"sts:ExternalId\":\"f28fc0c27a7d4a35b4ff11d834bba826\"}}},{\"Sid\":\"EEOwnAccountTrust\",\"Effect\":\"Allow\",\"Principal\":{\"AWS\":\"arn:aws:iam::744302382340:root\"},\"Action\":\"sts:AssumeRole\"}]}",
                            "create_date": "2021-02-04T00:23:30Z",
                            "description": "",
                            "id": "EEOverlordRole",
                            "inline_policy.#": "1",
                            "inline_policy.0.name": "",
                            "inline_policy.0.policy": "",
                            "managed_policy_arns.#": "1",
                            "managed_policy_arns.0": "arn:aws:iam::aws:policy/AdministratorAccess",
                            "max_session_duration": "43200",
                            "name": "EEOverlordRole",
                            "name_prefix": "",
                            "path": "/",
                            "tags.%": "0",
                            "tags_all.%": "0",
                            "unique_id": "AROA22S7BBUCGAJCDF25E"
                        },
                        "meta": {
                            "schema_version": 0
                        },
                        "tainted": false
                    },
                    "deposed": [],
                    "provider": "provider.aws"
                },
                "aws_iam_role.tfer--GetAllFunction-002D-role-002D-buwwkg2y": {
                    "type": "aws_iam_role",
                    "depends_on": [],
                    "primary": {
                        "id": "GetAllFunction-role-buwwkg2y",
                        "attributes": {
                            "arn": "arn:aws:iam::744302382340:role/service-role/GetAllFunction-role-buwwkg2y",
                            "assume_role_policy": "{\"Version\":\"2012-10-17\",\"Statement\":[{\"Effect\":\"Allow\",\"Principal\":{\"Service\":\"lambda.amazonaws.com\"},\"Action\":\"sts:AssumeRole\"}]}",
                            "create_date": "2021-09-21T15:23:19Z",
                            "description": "",
                            "id": "GetAllFunction-role-buwwkg2y",
                            "inline_policy.#": "1",
                            "inline_policy.0.name": "AllAdminPolicy",
                            "inline_policy.0.policy": "{\n    \"Version\": \"2012-10-17\",\n    \"Statement\": [\n        {\n            \"Effect\": \"Allow\",\n            \"Action\": \"*\",\n            \"Resource\": \"*\"\n        }\n    ]\n}",
                            "managed_policy_arns.#": "1",
                            "managed_policy_arns.0": "arn:aws:iam::744302382340:policy/service-role/AWSLambdaBasicExecutionRole-aca4ff17-7b91-4d4f-9572-8d52cc3d6f27",
                            "max_session_duration": "3600",
                            "name": "GetAllFunction-role-buwwkg2y",
                            "name_prefix": "",
                            "path": "/service-role/",
                            "tags.%": "0",
                            "tags_all.%": "0",
                            "unique_id": "AROA22S7BBUCG7KKS7DSP"
                        },
                        "meta": {
                            "schema_version": 0
                        },
                        "tainted": false
                    },
                    "deposed": [],
                    "provider": "provider.aws"
                },
                "aws_iam_role.tfer--OpsRole": {
                    "type": "aws_iam_role",
                    "depends_on": [],
                    "primary": {
                        "id": "OpsRole",
                        "attributes": {
                            "arn": "arn:aws:iam::744302382340:role/OpsRole",
                            "assume_role_policy": "{\"Version\":\"2012-10-17\",\"Statement\":[{\"Effect\":\"Allow\",\"Principal\":{\"AWS\":\"arn:aws:iam::122334600246:root\"},\"Action\":\"sts:AssumeRole\",\"Condition\":{\"StringEquals\":{\"sts:ExternalId\":\"695019f6441946e7babd3f71a9d97d21\"}}},{\"Effect\":\"Allow\",\"Principal\":{\"AWS\":\"arn:aws:iam::744302382340:user/EEOverlord\"},\"Action\":\"sts:AssumeRole\"},{\"Effect\":\"Allow\",\"Principal\":{\"AWS\":\"arn:aws:iam::972647975563:root\"},\"Action\":\"sts:AssumeRole\"}]}",
                            "create_date": "2021-09-21T14:52:06Z",
                            "description": "",
                            "id": "OpsRole",
                            "inline_policy.#": "1",
                            "inline_policy.0.name": "",
                            "inline_policy.0.policy": "",
                            "managed_policy_arns.#": "2",
                            "managed_policy_arns.0": "arn:aws:iam::744302382340:policy/ops-default-policy",
                            "managed_policy_arns.1": "arn:aws:iam::aws:policy/AdministratorAccess",
                            "max_session_duration": "43200",
                            "name": "OpsRole",
                            "name_prefix": "",
                            "path": "/",
                            "tags.%": "0",
                            "tags_all.%": "0",
                            "unique_id": "AROA22S7BBUCHJP5KOEQB"
                        },
                        "meta": {
                            "schema_version": 0
                        },
                        "tainted": false
                    },
                    "deposed": [],
                    "provider": "provider.aws"
                },
                "aws_iam_role.tfer--TeamRole": {
                    "type": "aws_iam_role",
                    "depends_on": [],
                    "primary": {
                        "id": "TeamRole",
                        "attributes": {
                            "arn": "arn:aws:iam::744302382340:role/TeamRole",
                            "assume_role_policy": "{\"Version\":\"2012-10-17\",\"Statement\":[{\"Effect\":\"Allow\",\"Principal\":{\"AWS\":\"arn:aws:iam::744302382340:user/EEOverlord\"},\"Action\":\"sts:AssumeRole\"},{\"Sid\":\"0d8fd6bfe6d74be58e0135dd7e51bb6e\",\"Effect\":\"Allow\",\"Principal\":{\"Service\":[\"quicksight.amazonaws.com\",\"rds.amazonaws.com\",\"amplify.amazonaws.com\",\"robomaker.amazonaws.com\",\"deepracer.amazonaws.com\",\"ecs.amazonaws.com\",\"ec2.amazonaws.com\",\"cloudwatch.amazonaws.com\",\"glue.amazonaws.com\",\"cloud9.amazonaws.com\",\"dynamodb.amazonaws.com\",\"lambda.amazonaws.com\",\"eks.amazonaws.com\",\"cloudtrail.amazonaws.com\",\"codecommit.amazonaws.com\",\"ecs-tasks.amazonaws.com\",\"sagemaker.amazonaws.com\"]},\"Action\":\"sts:AssumeRole\"}]}",
                            "create_date": "2021-09-21T14:52:22Z",
                            "description": "",
                            "id": "TeamRole",
                            "inline_policy.#": "1",
                            "inline_policy.0.name": "",
                            "inline_policy.0.policy": "",
                            "managed_policy_arns.#": "3",
                            "managed_policy_arns.0": "arn:aws:iam::744302382340:policy/0d8fd6bfe6d74be58e0135dd7e51bb6e-policy",
                            "managed_policy_arns.1": "arn:aws:iam::744302382340:policy/team-default-policy",
                            "managed_policy_arns.2": "arn:aws:iam::aws:policy/IAMFullAccess",
                            "max_session_duration": "43200",
                            "name": "TeamRole",
                            "name_prefix": "",
                            "path": "/",
                            "tags.%": "0",
                            "tags_all.%": "0",
                            "unique_id": "AROA22S7BBUCHYOXFDYLK"
                        },
                        "meta": {
                            "schema_version": 0
                        },
                        "tainted": false
                    },
                    "deposed": [],
                    "provider": "provider.aws"
                },
                "aws_iam_role.tfer--apigatewayrole": {
                    "type": "aws_iam_role",
                    "depends_on": [],
                    "primary": {
                        "id": "apigatewayrole",
                        "attributes": {
                            "arn": "arn:aws:iam::744302382340:role/apigatewayrole",
                            "assume_role_policy": "{\"Version\":\"2012-10-17\",\"Statement\":[{\"Sid\":\"\",\"Effect\":\"Allow\",\"Principal\":{\"Service\":\"apigateway.amazonaws.com\"},\"Action\":\"sts:AssumeRole\"}]}",
                            "create_date": "2021-09-21T20:48:45Z",
                            "description": "Allows API Gateway to push logs to CloudWatch Logs.",
                            "id": "apigatewayrole",
                            "inline_policy.#": "1",
                            "inline_policy.0.name": "",
                            "inline_policy.0.policy": "",
                            "managed_policy_arns.#": "2",
                            "managed_policy_arns.0": "arn:aws:iam::744302382340:policy/apigatewayallpolicy",
                            "managed_policy_arns.1": "arn:aws:iam::aws:policy/service-role/AmazonAPIGatewayPushToCloudWatchLogs",
                            "max_session_duration": "3600",
                            "name": "apigatewayrole",
                            "name_prefix": "",
                            "path": "/",
                            "tags.%": "0",
                            "tags_all.%": "0",
                            "unique_id": "AROA22S7BBUCKWLZIUDDT"
                        },
                        "meta": {
                            "schema_version": 0
                        },
                        "tainted": false
                    },
                    "deposed": [],
                    "provider": "provider.aws"
                },
                "aws_iam_role.tfer--codebuild-002D-sendtos3-002D-service-002D-role": {
                    "type": "aws_iam_role",
                    "depends_on": [],
                    "primary": {
                        "id": "codebuild-sendtos3-service-role",
                        "attributes": {
                            "arn": "arn:aws:iam::744302382340:role/service-role/codebuild-sendtos3-service-role",
                            "assume_role_policy": "{\"Version\":\"2012-10-17\",\"Statement\":[{\"Effect\":\"Allow\",\"Principal\":{\"Service\":\"codebuild.amazonaws.com\"},\"Action\":\"sts:AssumeRole\"}]}",
                            "create_date": "2021-09-21T16:15:10Z",
                            "description": "",
                            "id": "codebuild-sendtos3-service-role",
                            "inline_policy.#": "1",
                            "inline_policy.0.name": "",
                            "inline_policy.0.policy": "",
                            "managed_policy_arns.#": "3",
                            "managed_policy_arns.0": "arn:aws:iam::744302382340:policy/service-role/CodeBuildBasePolicy-sendtos3-us-east-1",
                            "managed_policy_arns.1": "arn:aws:iam::744302382340:policy/service-role/CodeBuildCloudWatchLogsPolicy-sendtos3-us-east-1",
                            "managed_policy_arns.2": "arn:aws:iam::aws:policy/AdministratorAccess",
                            "max_session_duration": "3600",
                            "name": "codebuild-sendtos3-service-role",
                            "name_prefix": "",
                            "path": "/service-role/",
                            "tags.%": "0",
                            "tags_all.%": "0",
                            "unique_id": "AROA22S7BBUCL2N5PIVPF"
                        },
                        "meta": {
                            "schema_version": 0
                        },
                        "tainted": false
                    },
                    "deposed": [],
                    "provider": "provider.aws"
                },
                "aws_iam_role.tfer--dmQuestion-002D-role-002D-y49gvamh": {
                    "type": "aws_iam_role",
                    "depends_on": [],
                    "primary": {
                        "id": "dmQuestion-role-y49gvamh",
                        "attributes": {
                            "arn": "arn:aws:iam::744302382340:role/service-role/dmQuestion-role-y49gvamh",
                            "assume_role_policy": "{\"Version\":\"2012-10-17\",\"Statement\":[{\"Effect\":\"Allow\",\"Principal\":{\"Service\":\"lambda.amazonaws.com\"},\"Action\":\"sts:AssumeRole\"}]}",
                            "create_date": "2021-09-21T15:49:24Z",
                            "description": "",
                            "id": "dmQuestion-role-y49gvamh",
                            "inline_policy.#": "1",
                            "inline_policy.0.name": "",
                            "inline_policy.0.policy": "",
                            "managed_policy_arns.#": "1",
                            "managed_policy_arns.0": "arn:aws:iam::744302382340:policy/service-role/AWSLambdaBasicExecutionRole-eee077fc-9822-44de-82b5-bf9ae4ab7284",
                            "max_session_duration": "3600",
                            "name": "dmQuestion-role-y49gvamh",
                            "name_prefix": "",
                            "path": "/service-role/",
                            "tags.%": "0",
                            "tags_all.%": "0",
                            "unique_id": "AROA22S7BBUCDMND7BUIZ"
                        },
                        "meta": {
                            "schema_version": 0
                        },
                        "tainted": false
                    },
                    "deposed": [],
                    "provider": "provider.aws"
                },
                "aws_iam_role_policy.tfer--EEOrganizations_AdministratorAccess": {
                    "type": "aws_iam_role_policy",
                    "depends_on": [],
                    "primary": {
                        "id": "EEOrganizations:AdministratorAccess",
                        "attributes": {
                            "id": "EEOrganizations:AdministratorAccess",
                            "name": "AdministratorAccess",
                            "policy": "{\"Version\":\"2012-10-17\",\"Statement\":[{\"Effect\":\"Allow\",\"Action\":\"*\",\"Resource\":\"*\"}]}",
                            "role": "EEOrganizations"
                        },
                        "meta": {
                            "schema_version": 0
                        },
                        "tainted": false
                    },
                    "deposed": [],
                    "provider": "provider.aws"
                },
                "aws_iam_role_policy.tfer--GetAllFunction-002D-role-002D-buwwkg2y_AllAdminPolicy": {
                    "type": "aws_iam_role_policy",
                    "depends_on": [],
                    "primary": {
                        "id": "GetAllFunction-role-buwwkg2y:AllAdminPolicy",
                        "attributes": {
                            "id": "GetAllFunction-role-buwwkg2y:AllAdminPolicy",
                            "name": "AllAdminPolicy",
                            "policy": "{\n    \"Version\": \"2012-10-17\",\n    \"Statement\": [\n        {\n            \"Effect\": \"Allow\",\n            \"Action\": \"*\",\n            \"Resource\": \"*\"\n        }\n    ]\n}",
                            "role": "GetAllFunction-role-buwwkg2y"
                        },
                        "meta": {
                            "schema_version": 0
                        },
                        "tainted": false
                    },
                    "deposed": [],
                    "provider": "provider.aws"
                },
                "aws_iam_role_policy_attachment.tfer--AWSServiceRoleForAPIGateway_APIGatewayServiceRolePolicy": {
                    "type": "aws_iam_role_policy_attachment",
                    "depends_on": [],
                    "primary": {
                        "id": "AWSServiceRoleForAPIGateway/arn:aws:iam::aws:policy/aws-service-role/APIGatewayServiceRolePolicy",
                        "attributes": {
                            "id": "AWSServiceRoleForAPIGateway/arn:aws:iam::aws:policy/aws-service-role/APIGatewayServiceRolePolicy",
                            "policy_arn": "arn:aws:iam::aws:policy/aws-service-role/APIGatewayServiceRolePolicy",
                            "role": "AWSServiceRoleForAPIGateway"
                        },
                        "meta": {
                            "schema_version": 0
                        },
                        "tainted": false
                    },
                    "deposed": [],
                    "provider": "provider.aws"
                },
                "aws_iam_role_policy_attachment.tfer--AWSServiceRoleForAWSCloud9_AWSCloud9ServiceRolePolicy": {
                    "type": "aws_iam_role_policy_attachment",
                    "depends_on": [],
                    "primary": {
                        "id": "AWSServiceRoleForAWSCloud9/arn:aws:iam::aws:policy/aws-service-role/AWSCloud9ServiceRolePolicy",
                        "attributes": {
                            "id": "AWSServiceRoleForAWSCloud9/arn:aws:iam::aws:policy/aws-service-role/AWSCloud9ServiceRolePolicy",
                            "policy_arn": "arn:aws:iam::aws:policy/aws-service-role/AWSCloud9ServiceRolePolicy",
                            "role": "AWSServiceRoleForAWSCloud9"
                        },
                        "meta": {
                            "schema_version": 0
                        },
                        "tainted": false
                    },
                    "deposed": [],
                    "provider": "provider.aws"
                },
                "aws_iam_role_policy_attachment.tfer--AWSServiceRoleForAmazonElasticsearchService_AmazonElasticsearchServiceRolePolicy": {
                    "type": "aws_iam_role_policy_attachment",
                    "depends_on": [],
                    "primary": {
                        "id": "AWSServiceRoleForAmazonElasticsearchService/arn:aws:iam::aws:policy/aws-service-role/AmazonElasticsearchServiceRolePolicy",
                        "attributes": {
                            "id": "AWSServiceRoleForAmazonElasticsearchService/arn:aws:iam::aws:policy/aws-service-role/AmazonElasticsearchServiceRolePolicy",
                            "policy_arn": "arn:aws:iam::aws:policy/aws-service-role/AmazonElasticsearchServiceRolePolicy",
                            "role": "AWSServiceRoleForAmazonElasticsearchService"
                        },
                        "meta": {
                            "schema_version": 0
                        },
                        "tainted": false
                    },
                    "deposed": [],
                    "provider": "provider.aws"
                },
                "aws_iam_role_policy_attachment.tfer--AWSServiceRoleForApplicationAutoScaling_AppStreamFleet_AWSApplicationAutoscalingAppStreamFleetPolicy": {
                    "type": "aws_iam_role_policy_attachment",
                    "depends_on": [],
                    "primary": {
                        "id": "AWSServiceRoleForApplicationAutoScaling_AppStreamFleet/arn:aws:iam::aws:policy/aws-service-role/AWSApplicationAutoscalingAppStreamFleetPolicy",
                        "attributes": {
                            "id": "AWSServiceRoleForApplicationAutoScaling_AppStreamFleet/arn:aws:iam::aws:policy/aws-service-role/AWSApplicationAutoscalingAppStreamFleetPolicy",
                            "policy_arn": "arn:aws:iam::aws:policy/aws-service-role/AWSApplicationAutoscalingAppStreamFleetPolicy",
                            "role": "AWSServiceRoleForApplicationAutoScaling_AppStreamFleet"
                        },
                        "meta": {
                            "schema_version": 0
                        },
                        "tainted": false
                    },
                    "deposed": [],
                    "provider": "provider.aws"
                },
                "aws_iam_role_policy_attachment.tfer--AWSServiceRoleForApplicationAutoScaling_DynamoDBTable_AWSApplicationAutoscalingDynamoDBTablePolicy": {
                    "type": "aws_iam_role_policy_attachment",
                    "depends_on": [],
                    "primary": {
                        "id": "AWSServiceRoleForApplicationAutoScaling_DynamoDBTable/arn:aws:iam::aws:policy/aws-service-role/AWSApplicationAutoscalingDynamoDBTablePolicy",
                        "attributes": {
                            "id": "AWSServiceRoleForApplicationAutoScaling_DynamoDBTable/arn:aws:iam::aws:policy/aws-service-role/AWSApplicationAutoscalingDynamoDBTablePolicy",
                            "policy_arn": "arn:aws:iam::aws:policy/aws-service-role/AWSApplicationAutoscalingDynamoDBTablePolicy",
                            "role": "AWSServiceRoleForApplicationAutoScaling_DynamoDBTable"
                        },
                        "meta": {
                            "schema_version": 0
                        },
                        "tainted": false
                    },
                    "deposed": [],
                    "provider": "provider.aws"
                },
                "aws_iam_role_policy_attachment.tfer--AWSServiceRoleForApplicationAutoScaling_EC2SpotFleetRequest_AWSApplicationAutoscalingEC2SpotFleetRequestPolicy": {
                    "type": "aws_iam_role_policy_attachment",
                    "depends_on": [],
                    "primary": {
                        "id": "AWSServiceRoleForApplicationAutoScaling_EC2SpotFleetRequest/arn:aws:iam::aws:policy/aws-service-role/AWSApplicationAutoscalingEC2SpotFleetRequestPolicy",
                        "attributes": {
                            "id": "AWSServiceRoleForApplicationAutoScaling_EC2SpotFleetRequest/arn:aws:iam::aws:policy/aws-service-role/AWSApplicationAutoscalingEC2SpotFleetRequestPolicy",
                            "policy_arn": "arn:aws:iam::aws:policy/aws-service-role/AWSApplicationAutoscalingEC2SpotFleetRequestPolicy",
                            "role": "AWSServiceRoleForApplicationAutoScaling_EC2SpotFleetRequest"
                        },
                        "meta": {
                            "schema_version": 0
                        },
                        "tainted": false
                    },
                    "deposed": [],
                    "provider": "provider.aws"
                },
                "aws_iam_role_policy_attachment.tfer--AWSServiceRoleForApplicationAutoScaling_ECSService_AWSApplicationAutoscalingECSServicePolicy": {
                    "type": "aws_iam_role_policy_attachment",
                    "depends_on": [],
                    "primary": {
                        "id": "AWSServiceRoleForApplicationAutoScaling_ECSService/arn:aws:iam::aws:policy/aws-service-role/AWSApplicationAutoscalingECSServicePolicy",
                        "attributes": {
                            "id": "AWSServiceRoleForApplicationAutoScaling_ECSService/arn:aws:iam::aws:policy/aws-service-role/AWSApplicationAutoscalingECSServicePolicy",
                            "policy_arn": "arn:aws:iam::aws:policy/aws-service-role/AWSApplicationAutoscalingECSServicePolicy",
                            "role": "AWSServiceRoleForApplicationAutoScaling_ECSService"
                        },
                        "meta": {
                            "schema_version": 0
                        },
                        "tainted": false
                    },
                    "deposed": [],
                    "provider": "provider.aws"
                },
                "aws_iam_role_policy_attachment.tfer--AWSServiceRoleForApplicationAutoScaling_RDSCluster_AWSApplicationAutoscalingRDSClusterPolicy": {
                    "type": "aws_iam_role_policy_attachment",
                    "depends_on": [],
                    "primary": {
                        "id": "AWSServiceRoleForApplicationAutoScaling_RDSCluster/arn:aws:iam::aws:policy/aws-service-role/AWSApplicationAutoscalingRDSClusterPolicy",
                        "attributes": {
                            "id": "AWSServiceRoleForApplicationAutoScaling_RDSCluster/arn:aws:iam::aws:policy/aws-service-role/AWSApplicationAutoscalingRDSClusterPolicy",
                            "policy_arn": "arn:aws:iam::aws:policy/aws-service-role/AWSApplicationAutoscalingRDSClusterPolicy",
                            "role": "AWSServiceRoleForApplicationAutoScaling_RDSCluster"
                        },
                        "meta": {
                            "schema_version": 0
                        },
                        "tainted": false
                    },
                    "deposed": [],
                    "provider": "provider.aws"
                },
                "aws_iam_role_policy_attachment.tfer--AWSServiceRoleForCloudTrail_CloudTrailServiceRolePolicy": {
                    "type": "aws_iam_role_policy_attachment",
                    "depends_on": [],
                    "primary": {
                        "id": "AWSServiceRoleForCloudTrail/arn:aws:iam::aws:policy/aws-service-role/CloudTrailServiceRolePolicy",
                        "attributes": {
                            "id": "AWSServiceRoleForCloudTrail/arn:aws:iam::aws:policy/aws-service-role/CloudTrailServiceRolePolicy",
                            "policy_arn": "arn:aws:iam::aws:policy/aws-service-role/CloudTrailServiceRolePolicy",
                            "role": "AWSServiceRoleForCloudTrail"
                        },
                        "meta": {
                            "schema_version": 0
                        },
                        "tainted": false
                    },
                    "deposed": [],
                    "provider": "provider.aws"
                },
                "aws_iam_role_policy_attachment.tfer--AWSServiceRoleForECS_AmazonECSServiceRolePolicy": {
                    "type": "aws_iam_role_policy_attachment",
                    "depends_on": [],
                    "primary": {
                        "id": "AWSServiceRoleForECS/arn:aws:iam::aws:policy/aws-service-role/AmazonECSServiceRolePolicy",
                        "attributes": {
                            "id": "AWSServiceRoleForECS/arn:aws:iam::aws:policy/aws-service-role/AmazonECSServiceRolePolicy",
                            "policy_arn": "arn:aws:iam::aws:policy/aws-service-role/AmazonECSServiceRolePolicy",
                            "role": "AWSServiceRoleForECS"
                        },
                        "meta": {
                            "schema_version": 0
                        },
                        "tainted": false
                    },
                    "deposed": [],
                    "provider": "provider.aws"
                },
                "aws_iam_role_policy_attachment.tfer--AWSServiceRoleForOrganizations_AWSOrganizationsServiceTrustPolicy": {
                    "type": "aws_iam_role_policy_attachment",
                    "depends_on": [],
                    "primary": {
                        "id": "AWSServiceRoleForOrganizations/arn:aws:iam::aws:policy/aws-service-role/AWSOrganizationsServiceTrustPolicy",
                        "attributes": {
                            "id": "AWSServiceRoleForOrganizations/arn:aws:iam::aws:policy/aws-service-role/AWSOrganizationsServiceTrustPolicy",
                            "policy_arn": "arn:aws:iam::aws:policy/aws-service-role/AWSOrganizationsServiceTrustPolicy",
                            "role": "AWSServiceRoleForOrganizations"
                        },
                        "meta": {
                            "schema_version": 0
                        },
                        "tainted": false
                    },
                    "deposed": [],
                    "provider": "provider.aws"
                },
                "aws_iam_role_policy_attachment.tfer--AWSServiceRoleForSupport_AWSSupportServiceRolePolicy": {
                    "type": "aws_iam_role_policy_attachment",
                    "depends_on": [],
                    "primary": {
                        "id": "AWSServiceRoleForSupport/arn:aws:iam::aws:policy/aws-service-role/AWSSupportServiceRolePolicy",
                        "attributes": {
                            "id": "AWSServiceRoleForSupport/arn:aws:iam::aws:policy/aws-service-role/AWSSupportServiceRolePolicy",
                            "policy_arn": "arn:aws:iam::aws:policy/aws-service-role/AWSSupportServiceRolePolicy",
                            "role": "AWSServiceRoleForSupport"
                        },
                        "meta": {
                            "schema_version": 0
                        },
                        "tainted": false
                    },
                    "deposed": [],
                    "provider": "provider.aws"
                },
                "aws_iam_role_policy_attachment.tfer--AWSServiceRoleForTrustedAdvisor_AWSTrustedAdvisorServiceRolePolicy": {
                    "type": "aws_iam_role_policy_attachment",
                    "depends_on": [],
                    "primary": {
                        "id": "AWSServiceRoleForTrustedAdvisor/arn:aws:iam::aws:policy/aws-service-role/AWSTrustedAdvisorServiceRolePolicy",
                        "attributes": {
                            "id": "AWSServiceRoleForTrustedAdvisor/arn:aws:iam::aws:policy/aws-service-role/AWSTrustedAdvisorServiceRolePolicy",
                            "policy_arn": "arn:aws:iam::aws:policy/aws-service-role/AWSTrustedAdvisorServiceRolePolicy",
                            "role": "AWSServiceRoleForTrustedAdvisor"
                        },
                        "meta": {
                            "schema_version": 0
                        },
                        "tainted": false
                    },
                    "deposed": [],
                    "provider": "provider.aws"
                },
                "aws_iam_role_policy_attachment.tfer--EEOverlordRole_AdministratorAccess": {
                    "type": "aws_iam_role_policy_attachment",
                    "depends_on": [],
                    "primary": {
                        "id": "EEOverlordRole/arn:aws:iam::aws:policy/AdministratorAccess",
                        "attributes": {
                            "id": "EEOverlordRole/arn:aws:iam::aws:policy/AdministratorAccess",
                            "policy_arn": "arn:aws:iam::aws:policy/AdministratorAccess",
                            "role": "EEOverlordRole"
                        },
                        "meta": {
                            "schema_version": 0
                        },
                        "tainted": false
                    },
                    "deposed": [],
                    "provider": "provider.aws"
                },
                "aws_iam_role_policy_attachment.tfer--GetAllFunction-002D-role-002D-buwwkg2y_AWSLambdaBasicExecutionRole-002D-aca4ff17-002D-7b91-002D-4d4f-002D-9572-002D-8d52cc3d6f27": {
                    "type": "aws_iam_role_policy_attachment",
                    "depends_on": [],
                    "primary": {
                        "id": "GetAllFunction-role-buwwkg2y/arn:aws:iam::744302382340:policy/service-role/AWSLambdaBasicExecutionRole-aca4ff17-7b91-4d4f-9572-8d52cc3d6f27",
                        "attributes": {
                            "id": "GetAllFunction-role-buwwkg2y/arn:aws:iam::744302382340:policy/service-role/AWSLambdaBasicExecutionRole-aca4ff17-7b91-4d4f-9572-8d52cc3d6f27",
                            "policy_arn": "arn:aws:iam::744302382340:policy/service-role/AWSLambdaBasicExecutionRole-aca4ff17-7b91-4d4f-9572-8d52cc3d6f27",
                            "role": "GetAllFunction-role-buwwkg2y"
                        },
                        "meta": {
                            "schema_version": 0
                        },
                        "tainted": false
                    },
                    "deposed": [],
                    "provider": "provider.aws"
                },
                "aws_iam_role_policy_attachment.tfer--OpsRole_AdministratorAccess": {
                    "type": "aws_iam_role_policy_attachment",
                    "depends_on": [],
                    "primary": {
                        "id": "OpsRole/arn:aws:iam::aws:policy/AdministratorAccess",
                        "attributes": {
                            "id": "OpsRole/arn:aws:iam::aws:policy/AdministratorAccess",
                            "policy_arn": "arn:aws:iam::aws:policy/AdministratorAccess",
                            "role": "OpsRole"
                        },
                        "meta": {
                            "schema_version": 0
                        },
                        "tainted": false
                    },
                    "deposed": [],
                    "provider": "provider.aws"
                },
                "aws_iam_role_policy_attachment.tfer--OpsRole_ops-002D-default-002D-policy": {
                    "type": "aws_iam_role_policy_attachment",
                    "depends_on": [],
                    "primary": {
                        "id": "OpsRole/arn:aws:iam::744302382340:policy/ops-default-policy",
                        "attributes": {
                            "id": "OpsRole/arn:aws:iam::744302382340:policy/ops-default-policy",
                            "policy_arn": "arn:aws:iam::744302382340:policy/ops-default-policy",
                            "role": "OpsRole"
                        },
                        "meta": {
                            "schema_version": 0
                        },
                        "tainted": false
                    },
                    "deposed": [],
                    "provider": "provider.aws"
                },
                "aws_iam_role_policy_attachment.tfer--TeamRole_0d8fd6bfe6d74be58e0135dd7e51bb6e-002D-policy": {
                    "type": "aws_iam_role_policy_attachment",
                    "depends_on": [],
                    "primary": {
                        "id": "TeamRole/arn:aws:iam::744302382340:policy/0d8fd6bfe6d74be58e0135dd7e51bb6e-policy",
                        "attributes": {
                            "id": "TeamRole/arn:aws:iam::744302382340:policy/0d8fd6bfe6d74be58e0135dd7e51bb6e-policy",
                            "policy_arn": "arn:aws:iam::744302382340:policy/0d8fd6bfe6d74be58e0135dd7e51bb6e-policy",
                            "role": "TeamRole"
                        },
                        "meta": {
                            "schema_version": 0
                        },
                        "tainted": false
                    },
                    "deposed": [],
                    "provider": "provider.aws"
                },
                "aws_iam_role_policy_attachment.tfer--TeamRole_IAMFullAccess": {
                    "type": "aws_iam_role_policy_attachment",
                    "depends_on": [],
                    "primary": {
                        "id": "TeamRole/arn:aws:iam::aws:policy/IAMFullAccess",
                        "attributes": {
                            "id": "TeamRole/arn:aws:iam::aws:policy/IAMFullAccess",
                            "policy_arn": "arn:aws:iam::aws:policy/IAMFullAccess",
                            "role": "TeamRole"
                        },
                        "meta": {
                            "schema_version": 0
                        },
                        "tainted": false
                    },
                    "deposed": [],
                    "provider": "provider.aws"
                },
                "aws_iam_role_policy_attachment.tfer--TeamRole_team-002D-default-002D-policy": {
                    "type": "aws_iam_role_policy_attachment",
                    "depends_on": [],
                    "primary": {
                        "id": "TeamRole/arn:aws:iam::744302382340:policy/team-default-policy",
                        "attributes": {
                            "id": "TeamRole/arn:aws:iam::744302382340:policy/team-default-policy",
                            "policy_arn": "arn:aws:iam::744302382340:policy/team-default-policy",
                            "role": "TeamRole"
                        },
                        "meta": {
                            "schema_version": 0
                        },
                        "tainted": false
                    },
                    "deposed": [],
                    "provider": "provider.aws"
                },
                "aws_iam_role_policy_attachment.tfer--apigatewayrole_AmazonAPIGatewayPushToCloudWatchLogs": {
                    "type": "aws_iam_role_policy_attachment",
                    "depends_on": [],
                    "primary": {
                        "id": "apigatewayrole/arn:aws:iam::aws:policy/service-role/AmazonAPIGatewayPushToCloudWatchLogs",
                        "attributes": {
                            "id": "apigatewayrole/arn:aws:iam::aws:policy/service-role/AmazonAPIGatewayPushToCloudWatchLogs",
                            "policy_arn": "arn:aws:iam::aws:policy/service-role/AmazonAPIGatewayPushToCloudWatchLogs",
                            "role": "apigatewayrole"
                        },
                        "meta": {
                            "schema_version": 0
                        },
                        "tainted": false
                    },
                    "deposed": [],
                    "provider": "provider.aws"
                },
                "aws_iam_role_policy_attachment.tfer--apigatewayrole_apigatewayallpolicy": {
                    "type": "aws_iam_role_policy_attachment",
                    "depends_on": [],
                    "primary": {
                        "id": "apigatewayrole/arn:aws:iam::744302382340:policy/apigatewayallpolicy",
                        "attributes": {
                            "id": "apigatewayrole/arn:aws:iam::744302382340:policy/apigatewayallpolicy",
                            "policy_arn": "arn:aws:iam::744302382340:policy/apigatewayallpolicy",
                            "role": "apigatewayrole"
                        },
                        "meta": {
                            "schema_version": 0
                        },
                        "tainted": false
                    },
                    "deposed": [],
                    "provider": "provider.aws"
                },
                "aws_iam_role_policy_attachment.tfer--codebuild-002D-sendtos3-002D-service-002D-role_AdministratorAccess": {
                    "type": "aws_iam_role_policy_attachment",
                    "depends_on": [],
                    "primary": {
                        "id": "codebuild-sendtos3-service-role/arn:aws:iam::aws:policy/AdministratorAccess",
                        "attributes": {
                            "id": "codebuild-sendtos3-service-role/arn:aws:iam::aws:policy/AdministratorAccess",
                            "policy_arn": "arn:aws:iam::aws:policy/AdministratorAccess",
                            "role": "codebuild-sendtos3-service-role"
                        },
                        "meta": {
                            "schema_version": 0
                        },
                        "tainted": false
                    },
                    "deposed": [],
                    "provider": "provider.aws"
                },
                "aws_iam_role_policy_attachment.tfer--codebuild-002D-sendtos3-002D-service-002D-role_CodeBuildBasePolicy-002D-sendtos3-002D-us-002D-east-002D-1": {
                    "type": "aws_iam_role_policy_attachment",
                    "depends_on": [],
                    "primary": {
                        "id": "codebuild-sendtos3-service-role/arn:aws:iam::744302382340:policy/service-role/CodeBuildBasePolicy-sendtos3-us-east-1",
                        "attributes": {
                            "id": "codebuild-sendtos3-service-role/arn:aws:iam::744302382340:policy/service-role/CodeBuildBasePolicy-sendtos3-us-east-1",
                            "policy_arn": "arn:aws:iam::744302382340:policy/service-role/CodeBuildBasePolicy-sendtos3-us-east-1",
                            "role": "codebuild-sendtos3-service-role"
                        },
                        "meta": {
                            "schema_version": 0
                        },
                        "tainted": false
                    },
                    "deposed": [],
                    "provider": "provider.aws"
                },
                "aws_iam_role_policy_attachment.tfer--codebuild-002D-sendtos3-002D-service-002D-role_CodeBuildCloudWatchLogsPolicy-002D-sendtos3-002D-us-002D-east-002D-1": {
                    "type": "aws_iam_role_policy_attachment",
                    "depends_on": [],
                    "primary": {
                        "id": "codebuild-sendtos3-service-role/arn:aws:iam::744302382340:policy/service-role/CodeBuildCloudWatchLogsPolicy-sendtos3-us-east-1",
                        "attributes": {
                            "id": "codebuild-sendtos3-service-role/arn:aws:iam::744302382340:policy/service-role/CodeBuildCloudWatchLogsPolicy-sendtos3-us-east-1",
                            "policy_arn": "arn:aws:iam::744302382340:policy/service-role/CodeBuildCloudWatchLogsPolicy-sendtos3-us-east-1",
                            "role": "codebuild-sendtos3-service-role"
                        },
                        "meta": {
                            "schema_version": 0
                        },
                        "tainted": false
                    },
                    "deposed": [],
                    "provider": "provider.aws"
                },
                "aws_iam_role_policy_attachment.tfer--dmQuestion-002D-role-002D-y49gvamh_AWSLambdaBasicExecutionRole-002D-eee077fc-002D-9822-002D-44de-002D-82b5-002D-bf9ae4ab7284": {
                    "type": "aws_iam_role_policy_attachment",
                    "depends_on": [],
                    "primary": {
                        "id": "dmQuestion-role-y49gvamh/arn:aws:iam::744302382340:policy/service-role/AWSLambdaBasicExecutionRole-eee077fc-9822-44de-82b5-bf9ae4ab7284",
                        "attributes": {
                            "id": "dmQuestion-role-y49gvamh/arn:aws:iam::744302382340:policy/service-role/AWSLambdaBasicExecutionRole-eee077fc-9822-44de-82b5-bf9ae4ab7284",
                            "policy_arn": "arn:aws:iam::744302382340:policy/service-role/AWSLambdaBasicExecutionRole-eee077fc-9822-44de-82b5-bf9ae4ab7284",
                            "role": "dmQuestion-role-y49gvamh"
                        },
                        "meta": {
                            "schema_version": 0
                        },
                        "tainted": false
                    },
                    "deposed": [],
                    "provider": "provider.aws"
                },
                "aws_iam_user.tfer--AIDA22S7BBUCBC7JNOTXM": {
                    "type": "aws_iam_user",
                    "depends_on": [],
                    "primary": {
                        "id": "Jeff",
                        "attributes": {
                            "arn": "arn:aws:iam::744302382340:user/Jeff",
                            "force_destroy": "false",
                            "id": "Jeff",
                            "name": "Jeff",
                            "path": "/",
                            "tags.%": "0",
                            "tags_all.%": "0",
                            "unique_id": "AIDA22S7BBUCBC7JNOTXM"
                        },
                        "meta": {
                            "schema_version": 0
                        },
                        "tainted": false
                    },
                    "deposed": [],
                    "provider": "provider.aws"
                },
                "aws_iam_user.tfer--AIDA22S7BBUCJRE2Z4Q74": {
                    "type": "aws_iam_user",
                    "depends_on": [],
                    "primary": {
                        "id": "EEOverlord",
                        "attributes": {
                            "arn": "arn:aws:iam::744302382340:user/EEOverlord",
                            "force_destroy": "false",
                            "id": "EEOverlord",
                            "name": "EEOverlord",
                            "path": "/",
                            "tags.%": "0",
                            "tags_all.%": "0",
                            "unique_id": "AIDA22S7BBUCJRE2Z4Q74"
                        },
                        "meta": {
                            "schema_version": 0
                        },
                        "tainted": false
                    },
                    "deposed": [],
                    "provider": "provider.aws"
                },
                "aws_iam_user.tfer--AIDA22S7BBUCLSH2J2GRW": {
                    "type": "aws_iam_user",
                    "depends_on": [],
                    "primary": {
                        "id": "dennis",
                        "attributes": {
                            "arn": "arn:aws:iam::744302382340:user/dennis",
                            "force_destroy": "false",
                            "id": "dennis",
                            "name": "dennis",
                            "path": "/",
                            "tags.%": "0",
                            "tags_all.%": "0",
                            "unique_id": "AIDA22S7BBUCLSH2J2GRW"
                        },
                        "meta": {
                            "schema_version": 0
                        },
                        "tainted": false
                    },
                    "deposed": [],
                    "provider": "provider.aws"
                },
                "aws_iam_user.tfer--AIDA22S7BBUCMXA5KYJCA": {
                    "type": "aws_iam_user",
                    "depends_on": [],
                    "primary": {
                        "id": "Oleg",
                        "attributes": {
                            "arn": "arn:aws:iam::744302382340:user/Oleg",
                            "force_destroy": "false",
                            "id": "Oleg",
                            "name": "Oleg",
                            "path": "/",
                            "tags.%": "0",
                            "tags_all.%": "0",
                            "unique_id": "AIDA22S7BBUCMXA5KYJCA"
                        },
                        "meta": {
                            "schema_version": 0
                        },
                        "tainted": false
                    },
                    "deposed": [],
                    "provider": "provider.aws"
                },
                "aws_iam_user_group_membership.tfer--Jeff-002F-Admins": {
                    "type": "aws_iam_user_group_membership",
                    "depends_on": [],
                    "primary": {
                        "id": "Jeff/Admins",
                        "attributes": {
                            "groups.#": "1",
                            "groups.0": "Admins",
                            "id": "Jeff/Admins",
                            "user": "Jeff"
                        },
                        "meta": {
                            "schema_version": 0
                        },
                        "tainted": false
                    },
                    "deposed": [],
                    "provider": "provider.aws"
                },
                "aws_iam_user_group_membership.tfer--Oleg-002F-Admins": {
                    "type": "aws_iam_user_group_membership",
                    "depends_on": [],
                    "primary": {
                        "id": "Oleg/Admins",
                        "attributes": {
                            "groups.#": "1",
                            "groups.0": "Admins",
                            "id": "Oleg/Admins",
                            "user": "Oleg"
                        },
                        "meta": {
                            "schema_version": 0
                        },
                        "tainted": false
                    },
                    "deposed": [],
                    "provider": "provider.aws"
                },
                "aws_iam_user_group_membership.tfer--dennis-002F-Admins": {
                    "type": "aws_iam_user_group_membership",
                    "depends_on": [],
                    "primary": {
                        "id": "dennis/Admins",
                        "attributes": {
                            "groups.#": "1",
                            "groups.0": "Admins",
                            "id": "dennis/Admins",
                            "user": "dennis"
                        },
                        "meta": {
                            "schema_version": 0
                        },
                        "tainted": false
                    },
                    "deposed": [],
                    "provider": "provider.aws"
                },
                "aws_iam_user_policy_attachment.tfer--EEOverlord_AdministratorAccess": {
                    "type": "aws_iam_user_policy_attachment",
                    "depends_on": [],
                    "primary": {
                        "id": "EEOverlord/arn:aws:iam::aws:policy/AdministratorAccess",
                        "attributes": {
                            "id": "EEOverlord/arn:aws:iam::aws:policy/AdministratorAccess",
                            "policy_arn": "arn:aws:iam::aws:policy/AdministratorAccess",
                            "user": "EEOverlord"
                        },
                        "meta": {
                            "schema_version": 0
                        },
                        "tainted": false
                    },
                    "deposed": [],
                    "provider": "provider.aws"
                },
                "aws_iam_user_policy_attachment.tfer--Jeff_IAMUserChangePassword": {
                    "type": "aws_iam_user_policy_attachment",
                    "depends_on": [],
                    "primary": {
                        "id": "Jeff/arn:aws:iam::aws:policy/IAMUserChangePassword",
                        "attributes": {
                            "id": "Jeff/arn:aws:iam::aws:policy/IAMUserChangePassword",
                            "policy_arn": "arn:aws:iam::aws:policy/IAMUserChangePassword",
                            "user": "Jeff"
                        },
                        "meta": {
                            "schema_version": 0
                        },
                        "tainted": false
                    },
                    "deposed": [],
                    "provider": "provider.aws"
                },
                "aws_iam_user_policy_attachment.tfer--Oleg_IAMUserChangePassword": {
                    "type": "aws_iam_user_policy_attachment",
                    "depends_on": [],
                    "primary": {
                        "id": "Oleg/arn:aws:iam::aws:policy/IAMUserChangePassword",
                        "attributes": {
                            "id": "Oleg/arn:aws:iam::aws:policy/IAMUserChangePassword",
                            "policy_arn": "arn:aws:iam::aws:policy/IAMUserChangePassword",
                            "user": "Oleg"
                        },
                        "meta": {
                            "schema_version": 0
                        },
                        "tainted": false
                    },
                    "deposed": [],
                    "provider": "provider.aws"
                }
            },
            "depends_on": []
        }
    ]
}
