{
    "version": 3,
    "terraform_version": "0.12.31",
    "serial": 1,
    "lineage": "66ce5b55-554e-644c-15ee-60c9734bdd45",
    "modules": [
        {
            "path": [
                "root"
            ],
            "outputs": {
                "aws_api_gateway_gateway_response_tfer--uhgwqthcj3-002F-DEFAULT_4XX_id": {
                    "sensitive": false,
                    "type": "string",
                    "value": "uhgwqthcj3/DEFAULT_4XX"
                },
                "aws_api_gateway_integration_response_tfer--0abe4bmm65-002F-59easd-002F-OPTIONS-002F-200_id": {
                    "sensitive": false,
                    "type": "string",
                    "value": "0abe4bmm65/59easd/OPTIONS/200"
                },
                "aws_api_gateway_integration_response_tfer--0abe4bmm65-002F-59easd-002F-POST-002F-200_id": {
                    "sensitive": false,
                    "type": "string",
                    "value": "0abe4bmm65/59easd/POST/200"
                },
                "aws_api_gateway_integration_response_tfer--0abe4bmm65-002F-76nyaq-002F-OPTIONS-002F-200_id": {
                    "sensitive": false,
                    "type": "string",
                    "value": "0abe4bmm65/76nyaq/OPTIONS/200"
                },
                "aws_api_gateway_integration_response_tfer--0abe4bmm65-002F-sagtmt-002F-OPTIONS-002F-200_id": {
                    "sensitive": false,
                    "type": "string",
                    "value": "0abe4bmm65/sagtmt/OPTIONS/200"
                },
                "aws_api_gateway_integration_response_tfer--giyeweqg8c-002F-l22ltx-002F-GET-002F-200_id": {
                    "sensitive": false,
                    "type": "string",
                    "value": "giyeweqg8c/l22ltx/GET/200"
                },
                "aws_api_gateway_integration_response_tfer--giyeweqg8c-002F-l22ltx-002F-OPTIONS-002F-200_id": {
                    "sensitive": false,
                    "type": "string",
                    "value": "giyeweqg8c/l22ltx/OPTIONS/200"
                },
                "aws_api_gateway_integration_response_tfer--giyeweqg8c-002F-ld90db-002F-OPTIONS-002F-200_id": {
                    "sensitive": false,
                    "type": "string",
                    "value": "giyeweqg8c/ld90db/OPTIONS/200"
                },
                "aws_api_gateway_integration_response_tfer--uhgwqthcj3-002F-j0uzgg-002F-GET-002F-200_id": {
                    "sensitive": false,
                    "type": "string",
                    "value": "uhgwqthcj3/j0uzgg/GET/200"
                },
                "aws_api_gateway_integration_response_tfer--uhgwqthcj3-002F-j0uzgg-002F-OPTIONS-002F-200_id": {
                    "sensitive": false,
                    "type": "string",
                    "value": "uhgwqthcj3/j0uzgg/OPTIONS/200"
                },
                "aws_api_gateway_integration_response_tfer--uhgwqthcj3-002F-kjzsbr-002F-OPTIONS-002F-200_id": {
                    "sensitive": false,
                    "type": "string",
                    "value": "uhgwqthcj3/kjzsbr/OPTIONS/200"
                },
                "aws_api_gateway_integration_response_tfer--uhgwqthcj3-002F-kjzsbr-002F-POST-002F-200_id": {
                    "sensitive": false,
                    "type": "string",
                    "value": "uhgwqthcj3/kjzsbr/POST/200"
                },
                "aws_api_gateway_integration_tfer--0abe4bmm65-002F-59easd-002F-OPTIONS_id": {
                    "sensitive": false,
                    "type": "string",
                    "value": "0abe4bmm65/59easd/OPTIONS"
                },
                "aws_api_gateway_integration_tfer--0abe4bmm65-002F-59easd-002F-POST_id": {
                    "sensitive": false,
                    "type": "string",
                    "value": "0abe4bmm65/59easd/POST"
                },
                "aws_api_gateway_integration_tfer--0abe4bmm65-002F-76nyaq-002F-OPTIONS_id": {
                    "sensitive": false,
                    "type": "string",
                    "value": "0abe4bmm65/76nyaq/OPTIONS"
                },
                "aws_api_gateway_integration_tfer--0abe4bmm65-002F-sagtmt-002F-OPTIONS_id": {
                    "sensitive": false,
                    "type": "string",
                    "value": "0abe4bmm65/sagtmt/OPTIONS"
                },
                "aws_api_gateway_integration_tfer--giyeweqg8c-002F-l22ltx-002F-GET_id": {
                    "sensitive": false,
                    "type": "string",
                    "value": "giyeweqg8c/l22ltx/GET"
                },
                "aws_api_gateway_integration_tfer--giyeweqg8c-002F-l22ltx-002F-OPTIONS_id": {
                    "sensitive": false,
                    "type": "string",
                    "value": "giyeweqg8c/l22ltx/OPTIONS"
                },
                "aws_api_gateway_integration_tfer--giyeweqg8c-002F-ld90db-002F-OPTIONS_id": {
                    "sensitive": false,
                    "type": "string",
                    "value": "giyeweqg8c/ld90db/OPTIONS"
                },
                "aws_api_gateway_integration_tfer--uhgwqthcj3-002F-j0uzgg-002F-GET_id": {
                    "sensitive": false,
                    "type": "string",
                    "value": "uhgwqthcj3/j0uzgg/GET"
                },
                "aws_api_gateway_integration_tfer--uhgwqthcj3-002F-j0uzgg-002F-OPTIONS_id": {
                    "sensitive": false,
                    "type": "string",
                    "value": "uhgwqthcj3/j0uzgg/OPTIONS"
                },
                "aws_api_gateway_integration_tfer--uhgwqthcj3-002F-kjzsbr-002F-OPTIONS_id": {
                    "sensitive": false,
                    "type": "string",
                    "value": "uhgwqthcj3/kjzsbr/OPTIONS"
                },
                "aws_api_gateway_integration_tfer--uhgwqthcj3-002F-kjzsbr-002F-POST_id": {
                    "sensitive": false,
                    "type": "string",
                    "value": "uhgwqthcj3/kjzsbr/POST"
                },
                "aws_api_gateway_method_response_tfer--0abe4bmm65-002F-59easd-002F-OPTIONS-002F-200_id": {
                    "sensitive": false,
                    "type": "string",
                    "value": "0abe4bmm65/59easd/OPTIONS/200"
                },
                "aws_api_gateway_method_response_tfer--0abe4bmm65-002F-59easd-002F-POST-002F-200_id": {
                    "sensitive": false,
                    "type": "string",
                    "value": "0abe4bmm65/59easd/POST/200"
                },
                "aws_api_gateway_method_response_tfer--0abe4bmm65-002F-76nyaq-002F-OPTIONS-002F-200_id": {
                    "sensitive": false,
                    "type": "string",
                    "value": "0abe4bmm65/76nyaq/OPTIONS/200"
                },
                "aws_api_gateway_method_response_tfer--0abe4bmm65-002F-sagtmt-002F-OPTIONS-002F-200_id": {
                    "sensitive": false,
                    "type": "string",
                    "value": "0abe4bmm65/sagtmt/OPTIONS/200"
                },
                "aws_api_gateway_method_response_tfer--giyeweqg8c-002F-l22ltx-002F-GET-002F-200_id": {
                    "sensitive": false,
                    "type": "string",
                    "value": "giyeweqg8c/l22ltx/GET/200"
                },
                "aws_api_gateway_method_response_tfer--giyeweqg8c-002F-l22ltx-002F-OPTIONS-002F-200_id": {
                    "sensitive": false,
                    "type": "string",
                    "value": "giyeweqg8c/l22ltx/OPTIONS/200"
                },
                "aws_api_gateway_method_response_tfer--giyeweqg8c-002F-ld90db-002F-OPTIONS-002F-200_id": {
                    "sensitive": false,
                    "type": "string",
                    "value": "giyeweqg8c/ld90db/OPTIONS/200"
                },
                "aws_api_gateway_method_response_tfer--uhgwqthcj3-002F-j0uzgg-002F-GET-002F-200_id": {
                    "sensitive": false,
                    "type": "string",
                    "value": "uhgwqthcj3/j0uzgg/GET/200"
                },
                "aws_api_gateway_method_response_tfer--uhgwqthcj3-002F-j0uzgg-002F-OPTIONS-002F-200_id": {
                    "sensitive": false,
                    "type": "string",
                    "value": "uhgwqthcj3/j0uzgg/OPTIONS/200"
                },
                "aws_api_gateway_method_response_tfer--uhgwqthcj3-002F-kjzsbr-002F-OPTIONS-002F-200_id": {
                    "sensitive": false,
                    "type": "string",
                    "value": "uhgwqthcj3/kjzsbr/OPTIONS/200"
                },
                "aws_api_gateway_method_response_tfer--uhgwqthcj3-002F-kjzsbr-002F-POST-002F-200_id": {
                    "sensitive": false,
                    "type": "string",
                    "value": "uhgwqthcj3/kjzsbr/POST/200"
                },
                "aws_api_gateway_method_tfer--0abe4bmm65-002F-59easd-002F-OPTIONS_id": {
                    "sensitive": false,
                    "type": "string",
                    "value": "0abe4bmm65/59easd/OPTIONS"
                },
                "aws_api_gateway_method_tfer--0abe4bmm65-002F-59easd-002F-POST_id": {
                    "sensitive": false,
                    "type": "string",
                    "value": "0abe4bmm65/59easd/POST"
                },
                "aws_api_gateway_method_tfer--0abe4bmm65-002F-76nyaq-002F-OPTIONS_id": {
                    "sensitive": false,
                    "type": "string",
                    "value": "0abe4bmm65/76nyaq/OPTIONS"
                },
                "aws_api_gateway_method_tfer--0abe4bmm65-002F-sagtmt-002F-OPTIONS_id": {
                    "sensitive": false,
                    "type": "string",
                    "value": "0abe4bmm65/sagtmt/OPTIONS"
                },
                "aws_api_gateway_method_tfer--giyeweqg8c-002F-l22ltx-002F-GET_id": {
                    "sensitive": false,
                    "type": "string",
                    "value": "giyeweqg8c/l22ltx/GET"
                },
                "aws_api_gateway_method_tfer--giyeweqg8c-002F-l22ltx-002F-OPTIONS_id": {
                    "sensitive": false,
                    "type": "string",
                    "value": "giyeweqg8c/l22ltx/OPTIONS"
                },
                "aws_api_gateway_method_tfer--giyeweqg8c-002F-ld90db-002F-OPTIONS_id": {
                    "sensitive": false,
                    "type": "string",
                    "value": "giyeweqg8c/ld90db/OPTIONS"
                },
                "aws_api_gateway_method_tfer--uhgwqthcj3-002F-j0uzgg-002F-GET_id": {
                    "sensitive": false,
                    "type": "string",
                    "value": "uhgwqthcj3/j0uzgg/GET"
                },
                "aws_api_gateway_method_tfer--uhgwqthcj3-002F-j0uzgg-002F-OPTIONS_id": {
                    "sensitive": false,
                    "type": "string",
                    "value": "uhgwqthcj3/j0uzgg/OPTIONS"
                },
                "aws_api_gateway_method_tfer--uhgwqthcj3-002F-kjzsbr-002F-OPTIONS_id": {
                    "sensitive": false,
                    "type": "string",
                    "value": "uhgwqthcj3/kjzsbr/OPTIONS"
                },
                "aws_api_gateway_method_tfer--uhgwqthcj3-002F-kjzsbr-002F-POST_id": {
                    "sensitive": false,
                    "type": "string",
                    "value": "uhgwqthcj3/kjzsbr/POST"
                },
                "aws_api_gateway_model_tfer--7g27x7_id": {
                    "sensitive": false,
                    "type": "string",
                    "value": "7g27x7"
                },
                "aws_api_gateway_model_tfer--a19eu0_id": {
                    "sensitive": false,
                    "type": "string",
                    "value": "a19eu0"
                },
                "aws_api_gateway_model_tfer--eqyhdg_id": {
                    "sensitive": false,
                    "type": "string",
                    "value": "eqyhdg"
                },
                "aws_api_gateway_model_tfer--h9tm8j_id": {
                    "sensitive": false,
                    "type": "string",
                    "value": "h9tm8j"
                },
                "aws_api_gateway_model_tfer--jbswrn_id": {
                    "sensitive": false,
                    "type": "string",
                    "value": "jbswrn"
                },
                "aws_api_gateway_model_tfer--xrn5pt_id": {
                    "sensitive": false,
                    "type": "string",
                    "value": "xrn5pt"
                },
                "aws_api_gateway_resource_tfer--565dl1rcf9_id": {
                    "sensitive": false,
                    "type": "string",
                    "value": "565dl1rcf9"
                },
                "aws_api_gateway_resource_tfer--59easd_id": {
                    "sensitive": false,
                    "type": "string",
                    "value": "59easd"
                },
                "aws_api_gateway_resource_tfer--76nyaq_id": {
                    "sensitive": false,
                    "type": "string",
                    "value": "76nyaq"
                },
                "aws_api_gateway_resource_tfer--8t2i0xkpb6_id": {
                    "sensitive": false,
                    "type": "string",
                    "value": "8t2i0xkpb6"
                },
                "aws_api_gateway_resource_tfer--j0uzgg_id": {
                    "sensitive": false,
                    "type": "string",
                    "value": "j0uzgg"
                },
                "aws_api_gateway_resource_tfer--kjzsbr_id": {
                    "sensitive": false,
                    "type": "string",
                    "value": "kjzsbr"
                },
                "aws_api_gateway_resource_tfer--l22ltx_id": {
                    "sensitive": false,
                    "type": "string",
                    "value": "l22ltx"
                },
                "aws_api_gateway_resource_tfer--ld90db_id": {
                    "sensitive": false,
                    "type": "string",
                    "value": "ld90db"
                },
                "aws_api_gateway_resource_tfer--sagtmt_id": {
                    "sensitive": false,
                    "type": "string",
                    "value": "sagtmt"
                },
                "aws_api_gateway_resource_tfer--wux3zq4xi6_id": {
                    "sensitive": false,
                    "type": "string",
                    "value": "wux3zq4xi6"
                },
                "aws_api_gateway_rest_api_tfer--Test-0020-API_id": {
                    "sensitive": false,
                    "type": "string",
                    "value": "uhgwqthcj3"
                },
                "aws_api_gateway_rest_api_tfer--Upvote-0020-API_id": {
                    "sensitive": false,
                    "type": "string",
                    "value": "0abe4bmm65"
                },
                "aws_api_gateway_rest_api_tfer--getquestionbyid_id": {
                    "sensitive": false,
                    "type": "string",
                    "value": "giyeweqg8c"
                },
                "aws_api_gateway_stage_tfer--0abe4bmm65-002F-CFStage_id": {
                    "sensitive": false,
                    "type": "string",
                    "value": "0abe4bmm65/CFStage"
                },
                "aws_api_gateway_stage_tfer--uhgwqthcj3-002F-CFStage_id": {
                    "sensitive": false,
                    "type": "string",
                    "value": "uhgwqthcj3/CFStage"
                }
            },
            "resources": {
                "aws_api_gateway_gateway_response.tfer--uhgwqthcj3-002F-DEFAULT_4XX": {
                    "type": "aws_api_gateway_gateway_response",
                    "depends_on": [],
                    "primary": {
                        "id": "uhgwqthcj3/DEFAULT_4XX",
                        "attributes": {
                            "id": "uhgwqthcj3/DEFAULT_4XX",
                            "response_parameters.%": "3",
                            "response_parameters.gatewayresponse.header.Access-Control-Allow-Headers": "'Content-Type,X-Amz-Date,Authorization,X-Api-Key,X-Amz-Security-Token'",
                            "response_parameters.gatewayresponse.header.Access-Control-Allow-Methods": "'GET,OPTIONS'",
                            "response_parameters.gatewayresponse.header.Access-Control-Allow-Origin": "'*'",
                            "response_templates.%": "1",
                            "response_templates.application/json": "{\"message\":$context.error.messageString}",
                            "response_type": "DEFAULT_4XX",
                            "rest_api_id": "uhgwqthcj3",
                            "status_code": ""
                        },
                        "meta": {
                            "schema_version": 0
                        },
                        "tainted": false
                    },
                    "deposed": [],
                    "provider": "provider.aws"
                },
                "aws_api_gateway_integration.tfer--0abe4bmm65-002F-59easd-002F-OPTIONS": {
                    "type": "aws_api_gateway_integration",
                    "depends_on": [],
                    "primary": {
                        "id": "0abe4bmm65/59easd/OPTIONS",
                        "attributes": {
                            "cache_key_parameters.#": "0",
                            "cache_namespace": "59easd",
                            "connection_id": "",
                            "connection_type": "INTERNET",
                            "content_handling": "",
                            "credentials": "",
                            "http_method": "OPTIONS",
                            "id": "0abe4bmm65/59easd/OPTIONS",
                            "integration_http_method": "",
                            "passthrough_behavior": "WHEN_NO_MATCH",
                            "request_parameters.%": "0",
                            "request_templates.%": "1",
                            "request_templates.application/json": "{\"statusCode\": 200}",
                            "resource_id": "59easd",
                            "rest_api_id": "0abe4bmm65",
                            "timeout_milliseconds": "29000",
                            "tls_config.#": "0",
                            "type": "MOCK",
                            "uri": ""
                        },
                        "meta": {
                            "schema_version": 0
                        },
                        "tainted": false
                    },
                    "deposed": [],
                    "provider": "provider.aws"
                },
                "aws_api_gateway_integration.tfer--0abe4bmm65-002F-59easd-002F-POST": {
                    "type": "aws_api_gateway_integration",
                    "depends_on": [],
                    "primary": {
                        "id": "0abe4bmm65/59easd/POST",
                        "attributes": {
                            "cache_key_parameters.#": "0",
                            "cache_namespace": "59easd",
                            "connection_id": "",
                            "connection_type": "INTERNET",
                            "content_handling": "CONVERT_TO_TEXT",
                            "credentials": "",
                            "http_method": "POST",
                            "id": "0abe4bmm65/59easd/POST",
                            "integration_http_method": "POST",
                            "passthrough_behavior": "WHEN_NO_MATCH",
                            "request_parameters.%": "0",
                            "request_templates.%": "0",
                            "resource_id": "59easd",
                            "rest_api_id": "0abe4bmm65",
                            "timeout_milliseconds": "29000",
                            "tls_config.#": "0",
                            "type": "AWS",
                            "uri": "arn:aws:apigateway:us-east-1:lambda:path/2015-03-31/functions/arn:aws:lambda:us-east-1:744302382340:function:UpvoteAnswerFunction/invocations"
                        },
                        "meta": {
                            "schema_version": 0
                        },
                        "tainted": false
                    },
                    "deposed": [],
                    "provider": "provider.aws"
                },
                "aws_api_gateway_integration.tfer--0abe4bmm65-002F-76nyaq-002F-OPTIONS": {
                    "type": "aws_api_gateway_integration",
                    "depends_on": [],
                    "primary": {
                        "id": "0abe4bmm65/76nyaq/OPTIONS",
                        "attributes": {
                            "cache_key_parameters.#": "0",
                            "cache_namespace": "76nyaq",
                            "connection_id": "",
                            "connection_type": "INTERNET",
                            "content_handling": "",
                            "credentials": "",
                            "http_method": "OPTIONS",
                            "id": "0abe4bmm65/76nyaq/OPTIONS",
                            "integration_http_method": "",
                            "passthrough_behavior": "WHEN_NO_MATCH",
                            "request_parameters.%": "0",
                            "request_templates.%": "1",
                            "request_templates.application/json": "{\"statusCode\": 200}",
                            "resource_id": "76nyaq",
                            "rest_api_id": "0abe4bmm65",
                            "timeout_milliseconds": "29000",
                            "tls_config.#": "0",
                            "type": "MOCK",
                            "uri": ""
                        },
                        "meta": {
                            "schema_version": 0
                        },
                        "tainted": false
                    },
                    "deposed": [],
                    "provider": "provider.aws"
                },
                "aws_api_gateway_integration.tfer--0abe4bmm65-002F-sagtmt-002F-OPTIONS": {
                    "type": "aws_api_gateway_integration",
                    "depends_on": [],
                    "primary": {
                        "id": "0abe4bmm65/sagtmt/OPTIONS",
                        "attributes": {
                            "cache_key_parameters.#": "0",
                            "cache_namespace": "sagtmt",
                            "connection_id": "",
                            "connection_type": "INTERNET",
                            "content_handling": "",
                            "credentials": "",
                            "http_method": "OPTIONS",
                            "id": "0abe4bmm65/sagtmt/OPTIONS",
                            "integration_http_method": "",
                            "passthrough_behavior": "WHEN_NO_MATCH",
                            "request_parameters.%": "0",
                            "request_templates.%": "1",
                            "request_templates.application/json": "{\"statusCode\": 200}",
                            "resource_id": "sagtmt",
                            "rest_api_id": "0abe4bmm65",
                            "timeout_milliseconds": "29000",
                            "tls_config.#": "0",
                            "type": "MOCK",
                            "uri": ""
                        },
                        "meta": {
                            "schema_version": 0
                        },
                        "tainted": false
                    },
                    "deposed": [],
                    "provider": "provider.aws"
                },
                "aws_api_gateway_integration.tfer--giyeweqg8c-002F-l22ltx-002F-GET": {
                    "type": "aws_api_gateway_integration",
                    "depends_on": [],
                    "primary": {
                        "id": "giyeweqg8c/l22ltx/GET",
                        "attributes": {
                            "cache_key_parameters.#": "0",
                            "cache_namespace": "l22ltx",
                            "connection_id": "",
                            "connection_type": "INTERNET",
                            "content_handling": "",
                            "credentials": "arn:aws:iam::744302382340:role/apigatewayrole",
                            "http_method": "GET",
                            "id": "giyeweqg8c/l22ltx/GET",
                            "integration_http_method": "POST",
                            "passthrough_behavior": "WHEN_NO_MATCH",
                            "request_parameters.%": "0",
                            "request_templates.%": "1",
                            "request_templates.application/json": "{\r\n    \"TableName\": \"headsincloud_question\",\r\n    ## \"Partition\": \"question_id\",\r\n    \"KeyConditionExpression\": \"question_id = :v1\",\r\n    ## \"ProjectExpression\": \"question_detail\",\r\n    \"ExpressionAttributeValues\": {\r\n        \":v1\": {\r\n            \"S\": \"$input.params('question_id')\"\r\n        }\r\n    }\r\n}",
                            "resource_id": "l22ltx",
                            "rest_api_id": "giyeweqg8c",
                            "timeout_milliseconds": "29000",
                            "tls_config.#": "0",
                            "type": "AWS",
                            "uri": "arn:aws:apigateway:us-east-1:dynamodb:action/Query"
                        },
                        "meta": {
                            "schema_version": 0
                        },
                        "tainted": false
                    },
                    "deposed": [],
                    "provider": "provider.aws"
                },
                "aws_api_gateway_integration.tfer--giyeweqg8c-002F-l22ltx-002F-OPTIONS": {
                    "type": "aws_api_gateway_integration",
                    "depends_on": [],
                    "primary": {
                        "id": "giyeweqg8c/l22ltx/OPTIONS",
                        "attributes": {
                            "cache_key_parameters.#": "0",
                            "cache_namespace": "l22ltx",
                            "connection_id": "",
                            "connection_type": "INTERNET",
                            "content_handling": "",
                            "credentials": "",
                            "http_method": "OPTIONS",
                            "id": "giyeweqg8c/l22ltx/OPTIONS",
                            "integration_http_method": "",
                            "passthrough_behavior": "WHEN_NO_MATCH",
                            "request_parameters.%": "0",
                            "request_templates.%": "1",
                            "request_templates.application/json": "{\"statusCode\": 200}",
                            "resource_id": "l22ltx",
                            "rest_api_id": "giyeweqg8c",
                            "timeout_milliseconds": "29000",
                            "tls_config.#": "0",
                            "type": "MOCK",
                            "uri": ""
                        },
                        "meta": {
                            "schema_version": 0
                        },
                        "tainted": false
                    },
                    "deposed": [],
                    "provider": "provider.aws"
                },
                "aws_api_gateway_integration.tfer--giyeweqg8c-002F-ld90db-002F-OPTIONS": {
                    "type": "aws_api_gateway_integration",
                    "depends_on": [],
                    "primary": {
                        "id": "giyeweqg8c/ld90db/OPTIONS",
                        "attributes": {
                            "cache_key_parameters.#": "0",
                            "cache_namespace": "ld90db",
                            "connection_id": "",
                            "connection_type": "INTERNET",
                            "content_handling": "",
                            "credentials": "",
                            "http_method": "OPTIONS",
                            "id": "giyeweqg8c/ld90db/OPTIONS",
                            "integration_http_method": "",
                            "passthrough_behavior": "WHEN_NO_MATCH",
                            "request_parameters.%": "0",
                            "request_templates.%": "1",
                            "request_templates.application/json": "{\"statusCode\": 200}",
                            "resource_id": "ld90db",
                            "rest_api_id": "giyeweqg8c",
                            "timeout_milliseconds": "29000",
                            "tls_config.#": "0",
                            "type": "MOCK",
                            "uri": ""
                        },
                        "meta": {
                            "schema_version": 0
                        },
                        "tainted": false
                    },
                    "deposed": [],
                    "provider": "provider.aws"
                },
                "aws_api_gateway_integration.tfer--uhgwqthcj3-002F-j0uzgg-002F-GET": {
                    "type": "aws_api_gateway_integration",
                    "depends_on": [],
                    "primary": {
                        "id": "uhgwqthcj3/j0uzgg/GET",
                        "attributes": {
                            "cache_key_parameters.#": "0",
                            "cache_namespace": "j0uzgg",
                            "connection_id": "",
                            "connection_type": "INTERNET",
                            "content_handling": "CONVERT_TO_TEXT",
                            "credentials": "",
                            "http_method": "GET",
                            "id": "uhgwqthcj3/j0uzgg/GET",
                            "integration_http_method": "POST",
                            "passthrough_behavior": "WHEN_NO_MATCH",
                            "request_parameters.%": "0",
                            "request_templates.%": "0",
                            "resource_id": "j0uzgg",
                            "rest_api_id": "uhgwqthcj3",
                            "timeout_milliseconds": "29000",
                            "tls_config.#": "0",
                            "type": "AWS",
                            "uri": "arn:aws:apigateway:us-east-1:lambda:path/2015-03-31/functions/arn:aws:lambda:us-east-1:744302382340:function:GetAllFunction/invocations"
                        },
                        "meta": {
                            "schema_version": 0
                        },
                        "tainted": false
                    },
                    "deposed": [],
                    "provider": "provider.aws"
                },
                "aws_api_gateway_integration.tfer--uhgwqthcj3-002F-j0uzgg-002F-OPTIONS": {
                    "type": "aws_api_gateway_integration",
                    "depends_on": [],
                    "primary": {
                        "id": "uhgwqthcj3/j0uzgg/OPTIONS",
                        "attributes": {
                            "cache_key_parameters.#": "0",
                            "cache_namespace": "j0uzgg",
                            "connection_id": "",
                            "connection_type": "INTERNET",
                            "content_handling": "CONVERT_TO_TEXT",
                            "credentials": "",
                            "http_method": "OPTIONS",
                            "id": "uhgwqthcj3/j0uzgg/OPTIONS",
                            "integration_http_method": "POST",
                            "passthrough_behavior": "WHEN_NO_MATCH",
                            "request_parameters.%": "0",
                            "request_templates.%": "0",
                            "resource_id": "j0uzgg",
                            "rest_api_id": "uhgwqthcj3",
                            "timeout_milliseconds": "29000",
                            "tls_config.#": "0",
                            "type": "AWS",
                            "uri": "arn:aws:apigateway:us-east-1:lambda:path/2015-03-31/functions/arn:aws:lambda:us-east-1:744302382340:function:AddQuestionFunction/invocations"
                        },
                        "meta": {
                            "schema_version": 0
                        },
                        "tainted": false
                    },
                    "deposed": [],
                    "provider": "provider.aws"
                },
                "aws_api_gateway_integration.tfer--uhgwqthcj3-002F-kjzsbr-002F-OPTIONS": {
                    "type": "aws_api_gateway_integration",
                    "depends_on": [],
                    "primary": {
                        "id": "uhgwqthcj3/kjzsbr/OPTIONS",
                        "attributes": {
                            "cache_key_parameters.#": "0",
                            "cache_namespace": "kjzsbr",
                            "connection_id": "",
                            "connection_type": "INTERNET",
                            "content_handling": "",
                            "credentials": "",
                            "http_method": "OPTIONS",
                            "id": "uhgwqthcj3/kjzsbr/OPTIONS",
                            "integration_http_method": "",
                            "passthrough_behavior": "WHEN_NO_MATCH",
                            "request_parameters.%": "0",
                            "request_templates.%": "1",
                            "request_templates.application/json": "{\"statusCode\": 200}",
                            "resource_id": "kjzsbr",
                            "rest_api_id": "uhgwqthcj3",
                            "timeout_milliseconds": "29000",
                            "tls_config.#": "0",
                            "type": "MOCK",
                            "uri": ""
                        },
                        "meta": {
                            "schema_version": 0
                        },
                        "tainted": false
                    },
                    "deposed": [],
                    "provider": "provider.aws"
                },
                "aws_api_gateway_integration.tfer--uhgwqthcj3-002F-kjzsbr-002F-POST": {
                    "type": "aws_api_gateway_integration",
                    "depends_on": [],
                    "primary": {
                        "id": "uhgwqthcj3/kjzsbr/POST",
                        "attributes": {
                            "cache_key_parameters.#": "0",
                            "cache_namespace": "kjzsbr",
                            "connection_id": "",
                            "connection_type": "INTERNET",
                            "content_handling": "CONVERT_TO_TEXT",
                            "credentials": "",
                            "http_method": "POST",
                            "id": "uhgwqthcj3/kjzsbr/POST",
                            "integration_http_method": "POST",
                            "passthrough_behavior": "WHEN_NO_MATCH",
                            "request_parameters.%": "0",
                            "request_templates.%": "0",
                            "resource_id": "kjzsbr",
                            "rest_api_id": "uhgwqthcj3",
                            "timeout_milliseconds": "29000",
                            "tls_config.#": "0",
                            "type": "AWS",
                            "uri": "arn:aws:apigateway:us-east-1:lambda:path/2015-03-31/functions/arn:aws:lambda:us-east-1:744302382340:function:dmQuestion/invocations"
                        },
                        "meta": {
                            "schema_version": 0
                        },
                        "tainted": false
                    },
                    "deposed": [],
                    "provider": "provider.aws"
                },
                "aws_api_gateway_integration_response.tfer--0abe4bmm65-002F-59easd-002F-OPTIONS-002F-200": {
                    "type": "aws_api_gateway_integration_response",
                    "depends_on": [],
                    "primary": {
                        "id": "0abe4bmm65/59easd/OPTIONS/200",
                        "attributes": {
                            "content_handling": "",
                            "http_method": "OPTIONS",
                            "id": "0abe4bmm65/59easd/OPTIONS/200",
                            "resource_id": "59easd",
                            "response_parameters.%": "3",
                            "response_parameters.method.response.header.Access-Control-Allow-Headers": "'Content-Type,Authorization,X-Amz-Date,X-Api-Key,X-Amz-Security-Token'",
                            "response_parameters.method.response.header.Access-Control-Allow-Methods": "'DELETE,GET,HEAD,OPTIONS,PATCH,POST,PUT'",
                            "response_parameters.method.response.header.Access-Control-Allow-Origin": "'*'",
                            "response_templates.%": "1",
                            "response_templates.application/json": "",
                            "rest_api_id": "0abe4bmm65",
                            "selection_pattern": "",
                            "status_code": "200"
                        },
                        "meta": {
                            "schema_version": 0
                        },
                        "tainted": false
                    },
                    "deposed": [],
                    "provider": "provider.aws"
                },
                "aws_api_gateway_integration_response.tfer--0abe4bmm65-002F-59easd-002F-POST-002F-200": {
                    "type": "aws_api_gateway_integration_response",
                    "depends_on": [],
                    "primary": {
                        "id": "0abe4bmm65/59easd/POST/200",
                        "attributes": {
                            "content_handling": "",
                            "http_method": "POST",
                            "id": "0abe4bmm65/59easd/POST/200",
                            "resource_id": "59easd",
                            "response_parameters.%": "0",
                            "response_templates.%": "1",
                            "response_templates.application/json": "",
                            "rest_api_id": "0abe4bmm65",
                            "selection_pattern": "",
                            "status_code": "200"
                        },
                        "meta": {
                            "schema_version": 0
                        },
                        "tainted": false
                    },
                    "deposed": [],
                    "provider": "provider.aws"
                },
                "aws_api_gateway_integration_response.tfer--0abe4bmm65-002F-76nyaq-002F-OPTIONS-002F-200": {
                    "type": "aws_api_gateway_integration_response",
                    "depends_on": [],
                    "primary": {
                        "id": "0abe4bmm65/76nyaq/OPTIONS/200",
                        "attributes": {
                            "content_handling": "",
                            "http_method": "OPTIONS",
                            "id": "0abe4bmm65/76nyaq/OPTIONS/200",
                            "resource_id": "76nyaq",
                            "response_parameters.%": "3",
                            "response_parameters.method.response.header.Access-Control-Allow-Headers": "'Content-Type,Authorization,X-Amz-Date,X-Api-Key,X-Amz-Security-Token'",
                            "response_parameters.method.response.header.Access-Control-Allow-Methods": "'DELETE,GET,HEAD,OPTIONS,PATCH,POST,PUT'",
                            "response_parameters.method.response.header.Access-Control-Allow-Origin": "'*'",
                            "response_templates.%": "1",
                            "response_templates.application/json": "",
                            "rest_api_id": "0abe4bmm65",
                            "selection_pattern": "",
                            "status_code": "200"
                        },
                        "meta": {
                            "schema_version": 0
                        },
                        "tainted": false
                    },
                    "deposed": [],
                    "provider": "provider.aws"
                },
                "aws_api_gateway_integration_response.tfer--0abe4bmm65-002F-sagtmt-002F-OPTIONS-002F-200": {
                    "type": "aws_api_gateway_integration_response",
                    "depends_on": [],
                    "primary": {
                        "id": "0abe4bmm65/sagtmt/OPTIONS/200",
                        "attributes": {
                            "content_handling": "",
                            "http_method": "OPTIONS",
                            "id": "0abe4bmm65/sagtmt/OPTIONS/200",
                            "resource_id": "sagtmt",
                            "response_parameters.%": "3",
                            "response_parameters.method.response.header.Access-Control-Allow-Headers": "'Content-Type,Authorization,X-Amz-Date,X-Api-Key,X-Amz-Security-Token'",
                            "response_parameters.method.response.header.Access-Control-Allow-Methods": "'DELETE,GET,HEAD,OPTIONS,PATCH,POST,PUT'",
                            "response_parameters.method.response.header.Access-Control-Allow-Origin": "'*'",
                            "response_templates.%": "1",
                            "response_templates.application/json": "",
                            "rest_api_id": "0abe4bmm65",
                            "selection_pattern": "",
                            "status_code": "200"
                        },
                        "meta": {
                            "schema_version": 0
                        },
                        "tainted": false
                    },
                    "deposed": [],
                    "provider": "provider.aws"
                },
                "aws_api_gateway_integration_response.tfer--giyeweqg8c-002F-l22ltx-002F-GET-002F-200": {
                    "type": "aws_api_gateway_integration_response",
                    "depends_on": [],
                    "primary": {
                        "id": "giyeweqg8c/l22ltx/GET/200",
                        "attributes": {
                            "content_handling": "",
                            "http_method": "GET",
                            "id": "giyeweqg8c/l22ltx/GET/200",
                            "resource_id": "l22ltx",
                            "response_parameters.%": "0",
                            "response_templates.%": "1",
                            "response_templates.application/json": "",
                            "rest_api_id": "giyeweqg8c",
                            "selection_pattern": "",
                            "status_code": "200"
                        },
                        "meta": {
                            "schema_version": 0
                        },
                        "tainted": false
                    },
                    "deposed": [],
                    "provider": "provider.aws"
                },
                "aws_api_gateway_integration_response.tfer--giyeweqg8c-002F-l22ltx-002F-OPTIONS-002F-200": {
                    "type": "aws_api_gateway_integration_response",
                    "depends_on": [],
                    "primary": {
                        "id": "giyeweqg8c/l22ltx/OPTIONS/200",
                        "attributes": {
                            "content_handling": "",
                            "http_method": "OPTIONS",
                            "id": "giyeweqg8c/l22ltx/OPTIONS/200",
                            "resource_id": "l22ltx",
                            "response_parameters.%": "3",
                            "response_parameters.method.response.header.Access-Control-Allow-Headers": "'Content-Type,Authorization,X-Amz-Date,X-Api-Key,X-Amz-Security-Token'",
                            "response_parameters.method.response.header.Access-Control-Allow-Methods": "'DELETE,GET,HEAD,OPTIONS,PATCH,POST,PUT'",
                            "response_parameters.method.response.header.Access-Control-Allow-Origin": "'*'",
                            "response_templates.%": "1",
                            "response_templates.application/json": "",
                            "rest_api_id": "giyeweqg8c",
                            "selection_pattern": "",
                            "status_code": "200"
                        },
                        "meta": {
                            "schema_version": 0
                        },
                        "tainted": false
                    },
                    "deposed": [],
                    "provider": "provider.aws"
                },
                "aws_api_gateway_integration_response.tfer--giyeweqg8c-002F-ld90db-002F-OPTIONS-002F-200": {
                    "type": "aws_api_gateway_integration_response",
                    "depends_on": [],
                    "primary": {
                        "id": "giyeweqg8c/ld90db/OPTIONS/200",
                        "attributes": {
                            "content_handling": "",
                            "http_method": "OPTIONS",
                            "id": "giyeweqg8c/ld90db/OPTIONS/200",
                            "resource_id": "ld90db",
                            "response_parameters.%": "3",
                            "response_parameters.method.response.header.Access-Control-Allow-Headers": "'Content-Type,Authorization,X-Amz-Date,X-Api-Key,X-Amz-Security-Token'",
                            "response_parameters.method.response.header.Access-Control-Allow-Methods": "'DELETE,GET,HEAD,OPTIONS,PATCH,POST,PUT'",
                            "response_parameters.method.response.header.Access-Control-Allow-Origin": "'*'",
                            "response_templates.%": "1",
                            "response_templates.application/json": "",
                            "rest_api_id": "giyeweqg8c",
                            "selection_pattern": "",
                            "status_code": "200"
                        },
                        "meta": {
                            "schema_version": 0
                        },
                        "tainted": false
                    },
                    "deposed": [],
                    "provider": "provider.aws"
                },
                "aws_api_gateway_integration_response.tfer--uhgwqthcj3-002F-j0uzgg-002F-GET-002F-200": {
                    "type": "aws_api_gateway_integration_response",
                    "depends_on": [],
                    "primary": {
                        "id": "uhgwqthcj3/j0uzgg/GET/200",
                        "attributes": {
                            "content_handling": "",
                            "http_method": "GET",
                            "id": "uhgwqthcj3/j0uzgg/GET/200",
                            "resource_id": "j0uzgg",
                            "response_parameters.%": "1",
                            "response_parameters.method.response.header.Access-Control-Allow-Origin": "'*'",
                            "response_templates.%": "1",
                            "response_templates.application/json": "",
                            "rest_api_id": "uhgwqthcj3",
                            "selection_pattern": "",
                            "status_code": "200"
                        },
                        "meta": {
                            "schema_version": 0
                        },
                        "tainted": false
                    },
                    "deposed": [],
                    "provider": "provider.aws"
                },
                "aws_api_gateway_integration_response.tfer--uhgwqthcj3-002F-j0uzgg-002F-OPTIONS-002F-200": {
                    "type": "aws_api_gateway_integration_response",
                    "depends_on": [],
                    "primary": {
                        "id": "uhgwqthcj3/j0uzgg/OPTIONS/200",
                        "attributes": {
                            "content_handling": "",
                            "http_method": "OPTIONS",
                            "id": "uhgwqthcj3/j0uzgg/OPTIONS/200",
                            "resource_id": "j0uzgg",
                            "response_parameters.%": "0",
                            "response_templates.%": "1",
                            "response_templates.application/json": "",
                            "rest_api_id": "uhgwqthcj3",
                            "selection_pattern": "",
                            "status_code": "200"
                        },
                        "meta": {
                            "schema_version": 0
                        },
                        "tainted": false
                    },
                    "deposed": [],
                    "provider": "provider.aws"
                },
                "aws_api_gateway_integration_response.tfer--uhgwqthcj3-002F-kjzsbr-002F-OPTIONS-002F-200": {
                    "type": "aws_api_gateway_integration_response",
                    "depends_on": [],
                    "primary": {
                        "id": "uhgwqthcj3/kjzsbr/OPTIONS/200",
                        "attributes": {
                            "content_handling": "",
                            "http_method": "OPTIONS",
                            "id": "uhgwqthcj3/kjzsbr/OPTIONS/200",
                            "resource_id": "kjzsbr",
                            "response_parameters.%": "3",
                            "response_parameters.method.response.header.Access-Control-Allow-Headers": "'Content-Type,Authorization,X-Amz-Date,X-Api-Key,X-Amz-Security-Token'",
                            "response_parameters.method.response.header.Access-Control-Allow-Methods": "'DELETE,GET,HEAD,OPTIONS,PATCH,POST,PUT'",
                            "response_parameters.method.response.header.Access-Control-Allow-Origin": "'*'",
                            "response_templates.%": "1",
                            "response_templates.application/json": "",
                            "rest_api_id": "uhgwqthcj3",
                            "selection_pattern": "",
                            "status_code": "200"
                        },
                        "meta": {
                            "schema_version": 0
                        },
                        "tainted": false
                    },
                    "deposed": [],
                    "provider": "provider.aws"
                },
                "aws_api_gateway_integration_response.tfer--uhgwqthcj3-002F-kjzsbr-002F-POST-002F-200": {
                    "type": "aws_api_gateway_integration_response",
                    "depends_on": [],
                    "primary": {
                        "id": "uhgwqthcj3/kjzsbr/POST/200",
                        "attributes": {
                            "content_handling": "",
                            "http_method": "POST",
                            "id": "uhgwqthcj3/kjzsbr/POST/200",
                            "resource_id": "kjzsbr",
                            "response_parameters.%": "0",
                            "response_templates.%": "1",
                            "response_templates.application/json": "",
                            "rest_api_id": "uhgwqthcj3",
                            "selection_pattern": "",
                            "status_code": "200"
                        },
                        "meta": {
                            "schema_version": 0
                        },
                        "tainted": false
                    },
                    "deposed": [],
                    "provider": "provider.aws"
                },
                "aws_api_gateway_method.tfer--0abe4bmm65-002F-59easd-002F-OPTIONS": {
                    "type": "aws_api_gateway_method",
                    "depends_on": [],
                    "primary": {
                        "id": "0abe4bmm65/59easd/OPTIONS",
                        "attributes": {
                            "api_key_required": "false",
                            "authorization": "NONE",
                            "authorization_scopes.#": "0",
                            "authorizer_id": "",
                            "http_method": "OPTIONS",
                            "id": "0abe4bmm65/59easd/OPTIONS",
                            "operation_name": "",
                            "request_models.%": "0",
                            "request_parameters.%": "0",
                            "request_validator_id": "",
                            "resource_id": "59easd",
                            "rest_api_id": "0abe4bmm65"
                        },
                        "meta": {
                            "schema_version": 0
                        },
                        "tainted": false
                    },
                    "deposed": [],
                    "provider": "provider.aws"
                },
                "aws_api_gateway_method.tfer--0abe4bmm65-002F-59easd-002F-POST": {
                    "type": "aws_api_gateway_method",
                    "depends_on": [],
                    "primary": {
                        "id": "0abe4bmm65/59easd/POST",
                        "attributes": {
                            "api_key_required": "false",
                            "authorization": "NONE",
                            "authorization_scopes.#": "0",
                            "authorizer_id": "",
                            "http_method": "POST",
                            "id": "0abe4bmm65/59easd/POST",
                            "operation_name": "",
                            "request_models.%": "0",
                            "request_parameters.%": "1",
                            "request_parameters.method.request.path.id": "true",
                            "request_validator_id": "",
                            "resource_id": "59easd",
                            "rest_api_id": "0abe4bmm65"
                        },
                        "meta": {
                            "schema_version": 0
                        },
                        "tainted": false
                    },
                    "deposed": [],
                    "provider": "provider.aws"
                },
                "aws_api_gateway_method.tfer--0abe4bmm65-002F-76nyaq-002F-OPTIONS": {
                    "type": "aws_api_gateway_method",
                    "depends_on": [],
                    "primary": {
                        "id": "0abe4bmm65/76nyaq/OPTIONS",
                        "attributes": {
                            "api_key_required": "false",
                            "authorization": "NONE",
                            "authorization_scopes.#": "0",
                            "authorizer_id": "",
                            "http_method": "OPTIONS",
                            "id": "0abe4bmm65/76nyaq/OPTIONS",
                            "operation_name": "",
                            "request_models.%": "0",
                            "request_parameters.%": "0",
                            "request_validator_id": "",
                            "resource_id": "76nyaq",
                            "rest_api_id": "0abe4bmm65"
                        },
                        "meta": {
                            "schema_version": 0
                        },
                        "tainted": false
                    },
                    "deposed": [],
                    "provider": "provider.aws"
                },
                "aws_api_gateway_method.tfer--0abe4bmm65-002F-sagtmt-002F-OPTIONS": {
                    "type": "aws_api_gateway_method",
                    "depends_on": [],
                    "primary": {
                        "id": "0abe4bmm65/sagtmt/OPTIONS",
                        "attributes": {
                            "api_key_required": "false",
                            "authorization": "NONE",
                            "authorization_scopes.#": "0",
                            "authorizer_id": "",
                            "http_method": "OPTIONS",
                            "id": "0abe4bmm65/sagtmt/OPTIONS",
                            "operation_name": "",
                            "request_models.%": "0",
                            "request_parameters.%": "0",
                            "request_validator_id": "",
                            "resource_id": "sagtmt",
                            "rest_api_id": "0abe4bmm65"
                        },
                        "meta": {
                            "schema_version": 0
                        },
                        "tainted": false
                    },
                    "deposed": [],
                    "provider": "provider.aws"
                },
                "aws_api_gateway_method.tfer--giyeweqg8c-002F-l22ltx-002F-GET": {
                    "type": "aws_api_gateway_method",
                    "depends_on": [],
                    "primary": {
                        "id": "giyeweqg8c/l22ltx/GET",
                        "attributes": {
                            "api_key_required": "false",
                            "authorization": "NONE",
                            "authorization_scopes.#": "0",
                            "authorizer_id": "",
                            "http_method": "GET",
                            "id": "giyeweqg8c/l22ltx/GET",
                            "operation_name": "",
                            "request_models.%": "0",
                            "request_parameters.%": "1",
                            "request_parameters.method.request.path.question_id": "true",
                            "request_validator_id": "",
                            "resource_id": "l22ltx",
                            "rest_api_id": "giyeweqg8c"
                        },
                        "meta": {
                            "schema_version": 0
                        },
                        "tainted": false
                    },
                    "deposed": [],
                    "provider": "provider.aws"
                },
                "aws_api_gateway_method.tfer--giyeweqg8c-002F-l22ltx-002F-OPTIONS": {
                    "type": "aws_api_gateway_method",
                    "depends_on": [],
                    "primary": {
                        "id": "giyeweqg8c/l22ltx/OPTIONS",
                        "attributes": {
                            "api_key_required": "false",
                            "authorization": "NONE",
                            "authorization_scopes.#": "0",
                            "authorizer_id": "",
                            "http_method": "OPTIONS",
                            "id": "giyeweqg8c/l22ltx/OPTIONS",
                            "operation_name": "",
                            "request_models.%": "0",
                            "request_parameters.%": "0",
                            "request_validator_id": "",
                            "resource_id": "l22ltx",
                            "rest_api_id": "giyeweqg8c"
                        },
                        "meta": {
                            "schema_version": 0
                        },
                        "tainted": false
                    },
                    "deposed": [],
                    "provider": "provider.aws"
                },
                "aws_api_gateway_method.tfer--giyeweqg8c-002F-ld90db-002F-OPTIONS": {
                    "type": "aws_api_gateway_method",
                    "depends_on": [],
                    "primary": {
                        "id": "giyeweqg8c/ld90db/OPTIONS",
                        "attributes": {
                            "api_key_required": "false",
                            "authorization": "NONE",
                            "authorization_scopes.#": "0",
                            "authorizer_id": "",
                            "http_method": "OPTIONS",
                            "id": "giyeweqg8c/ld90db/OPTIONS",
                            "operation_name": "",
                            "request_models.%": "0",
                            "request_parameters.%": "0",
                            "request_validator_id": "",
                            "resource_id": "ld90db",
                            "rest_api_id": "giyeweqg8c"
                        },
                        "meta": {
                            "schema_version": 0
                        },
                        "tainted": false
                    },
                    "deposed": [],
                    "provider": "provider.aws"
                },
                "aws_api_gateway_method.tfer--uhgwqthcj3-002F-j0uzgg-002F-GET": {
                    "type": "aws_api_gateway_method",
                    "depends_on": [],
                    "primary": {
                        "id": "uhgwqthcj3/j0uzgg/GET",
                        "attributes": {
                            "api_key_required": "false",
                            "authorization": "NONE",
                            "authorization_scopes.#": "0",
                            "authorizer_id": "",
                            "http_method": "GET",
                            "id": "uhgwqthcj3/j0uzgg/GET",
                            "operation_name": "",
                            "request_models.%": "0",
                            "request_parameters.%": "0",
                            "request_validator_id": "",
                            "resource_id": "j0uzgg",
                            "rest_api_id": "uhgwqthcj3"
                        },
                        "meta": {
                            "schema_version": 0
                        },
                        "tainted": false
                    },
                    "deposed": [],
                    "provider": "provider.aws"
                },
                "aws_api_gateway_method.tfer--uhgwqthcj3-002F-j0uzgg-002F-OPTIONS": {
                    "type": "aws_api_gateway_method",
                    "depends_on": [],
                    "primary": {
                        "id": "uhgwqthcj3/j0uzgg/OPTIONS",
                        "attributes": {
                            "api_key_required": "false",
                            "authorization": "NONE",
                            "authorization_scopes.#": "0",
                            "authorizer_id": "",
                            "http_method": "OPTIONS",
                            "id": "uhgwqthcj3/j0uzgg/OPTIONS",
                            "operation_name": "",
                            "request_models.%": "0",
                            "request_parameters.%": "0",
                            "request_validator_id": "",
                            "resource_id": "j0uzgg",
                            "rest_api_id": "uhgwqthcj3"
                        },
                        "meta": {
                            "schema_version": 0
                        },
                        "tainted": false
                    },
                    "deposed": [],
                    "provider": "provider.aws"
                },
                "aws_api_gateway_method.tfer--uhgwqthcj3-002F-kjzsbr-002F-OPTIONS": {
                    "type": "aws_api_gateway_method",
                    "depends_on": [],
                    "primary": {
                        "id": "uhgwqthcj3/kjzsbr/OPTIONS",
                        "attributes": {
                            "api_key_required": "false",
                            "authorization": "NONE",
                            "authorization_scopes.#": "0",
                            "authorizer_id": "",
                            "http_method": "OPTIONS",
                            "id": "uhgwqthcj3/kjzsbr/OPTIONS",
                            "operation_name": "",
                            "request_models.%": "0",
                            "request_parameters.%": "0",
                            "request_validator_id": "",
                            "resource_id": "kjzsbr",
                            "rest_api_id": "uhgwqthcj3"
                        },
                        "meta": {
                            "schema_version": 0
                        },
                        "tainted": false
                    },
                    "deposed": [],
                    "provider": "provider.aws"
                },
                "aws_api_gateway_method.tfer--uhgwqthcj3-002F-kjzsbr-002F-POST": {
                    "type": "aws_api_gateway_method",
                    "depends_on": [],
                    "primary": {
                        "id": "uhgwqthcj3/kjzsbr/POST",
                        "attributes": {
                            "api_key_required": "false",
                            "authorization": "NONE",
                            "authorization_scopes.#": "0",
                            "authorizer_id": "",
                            "http_method": "POST",
                            "id": "uhgwqthcj3/kjzsbr/POST",
                            "operation_name": "",
                            "request_models.%": "0",
                            "request_parameters.%": "0",
                            "request_validator_id": "",
                            "resource_id": "kjzsbr",
                            "rest_api_id": "uhgwqthcj3"
                        },
                        "meta": {
                            "schema_version": 0
                        },
                        "tainted": false
                    },
                    "deposed": [],
                    "provider": "provider.aws"
                },
                "aws_api_gateway_method_response.tfer--0abe4bmm65-002F-59easd-002F-OPTIONS-002F-200": {
                    "type": "aws_api_gateway_method_response",
                    "depends_on": [],
                    "primary": {
                        "id": "0abe4bmm65/59easd/OPTIONS/200",
                        "attributes": {
                            "http_method": "OPTIONS",
                            "id": "0abe4bmm65/59easd/OPTIONS/200",
                            "resource_id": "59easd",
                            "response_models.%": "1",
                            "response_models.application/json": "Empty",
                            "response_parameters.%": "3",
                            "response_parameters.method.response.header.Access-Control-Allow-Headers": "false",
                            "response_parameters.method.response.header.Access-Control-Allow-Methods": "false",
                            "response_parameters.method.response.header.Access-Control-Allow-Origin": "false",
                            "rest_api_id": "0abe4bmm65",
                            "status_code": "200"
                        },
                        "meta": {
                            "schema_version": 0
                        },
                        "tainted": false
                    },
                    "deposed": [],
                    "provider": "provider.aws"
                },
                "aws_api_gateway_method_response.tfer--0abe4bmm65-002F-59easd-002F-POST-002F-200": {
                    "type": "aws_api_gateway_method_response",
                    "depends_on": [],
                    "primary": {
                        "id": "0abe4bmm65/59easd/POST/200",
                        "attributes": {
                            "http_method": "POST",
                            "id": "0abe4bmm65/59easd/POST/200",
                            "resource_id": "59easd",
                            "response_models.%": "1",
                            "response_models.application/json": "Empty",
                            "response_parameters.%": "0",
                            "rest_api_id": "0abe4bmm65",
                            "status_code": "200"
                        },
                        "meta": {
                            "schema_version": 0
                        },
                        "tainted": false
                    },
                    "deposed": [],
                    "provider": "provider.aws"
                },
                "aws_api_gateway_method_response.tfer--0abe4bmm65-002F-76nyaq-002F-OPTIONS-002F-200": {
                    "type": "aws_api_gateway_method_response",
                    "depends_on": [],
                    "primary": {
                        "id": "0abe4bmm65/76nyaq/OPTIONS/200",
                        "attributes": {
                            "http_method": "OPTIONS",
                            "id": "0abe4bmm65/76nyaq/OPTIONS/200",
                            "resource_id": "76nyaq",
                            "response_models.%": "1",
                            "response_models.application/json": "Empty",
                            "response_parameters.%": "3",
                            "response_parameters.method.response.header.Access-Control-Allow-Headers": "false",
                            "response_parameters.method.response.header.Access-Control-Allow-Methods": "false",
                            "response_parameters.method.response.header.Access-Control-Allow-Origin": "false",
                            "rest_api_id": "0abe4bmm65",
                            "status_code": "200"
                        },
                        "meta": {
                            "schema_version": 0
                        },
                        "tainted": false
                    },
                    "deposed": [],
                    "provider": "provider.aws"
                },
                "aws_api_gateway_method_response.tfer--0abe4bmm65-002F-sagtmt-002F-OPTIONS-002F-200": {
                    "type": "aws_api_gateway_method_response",
                    "depends_on": [],
                    "primary": {
                        "id": "0abe4bmm65/sagtmt/OPTIONS/200",
                        "attributes": {
                            "http_method": "OPTIONS",
                            "id": "0abe4bmm65/sagtmt/OPTIONS/200",
                            "resource_id": "sagtmt",
                            "response_models.%": "1",
                            "response_models.application/json": "Empty",
                            "response_parameters.%": "3",
                            "response_parameters.method.response.header.Access-Control-Allow-Headers": "false",
                            "response_parameters.method.response.header.Access-Control-Allow-Methods": "false",
                            "response_parameters.method.response.header.Access-Control-Allow-Origin": "false",
                            "rest_api_id": "0abe4bmm65",
                            "status_code": "200"
                        },
                        "meta": {
                            "schema_version": 0
                        },
                        "tainted": false
                    },
                    "deposed": [],
                    "provider": "provider.aws"
                },
                "aws_api_gateway_method_response.tfer--giyeweqg8c-002F-l22ltx-002F-GET-002F-200": {
                    "type": "aws_api_gateway_method_response",
                    "depends_on": [],
                    "primary": {
                        "id": "giyeweqg8c/l22ltx/GET/200",
                        "attributes": {
                            "http_method": "GET",
                            "id": "giyeweqg8c/l22ltx/GET/200",
                            "resource_id": "l22ltx",
                            "response_models.%": "1",
                            "response_models.application/json": "Empty",
                            "response_parameters.%": "0",
                            "rest_api_id": "giyeweqg8c",
                            "status_code": "200"
                        },
                        "meta": {
                            "schema_version": 0
                        },
                        "tainted": false
                    },
                    "deposed": [],
                    "provider": "provider.aws"
                },
                "aws_api_gateway_method_response.tfer--giyeweqg8c-002F-l22ltx-002F-OPTIONS-002F-200": {
                    "type": "aws_api_gateway_method_response",
                    "depends_on": [],
                    "primary": {
                        "id": "giyeweqg8c/l22ltx/OPTIONS/200",
                        "attributes": {
                            "http_method": "OPTIONS",
                            "id": "giyeweqg8c/l22ltx/OPTIONS/200",
                            "resource_id": "l22ltx",
                            "response_models.%": "1",
                            "response_models.application/json": "Empty",
                            "response_parameters.%": "3",
                            "response_parameters.method.response.header.Access-Control-Allow-Headers": "false",
                            "response_parameters.method.response.header.Access-Control-Allow-Methods": "false",
                            "response_parameters.method.response.header.Access-Control-Allow-Origin": "false",
                            "rest_api_id": "giyeweqg8c",
                            "status_code": "200"
                        },
                        "meta": {
                            "schema_version": 0
                        },
                        "tainted": false
                    },
                    "deposed": [],
                    "provider": "provider.aws"
                },
                "aws_api_gateway_method_response.tfer--giyeweqg8c-002F-ld90db-002F-OPTIONS-002F-200": {
                    "type": "aws_api_gateway_method_response",
                    "depends_on": [],
                    "primary": {
                        "id": "giyeweqg8c/ld90db/OPTIONS/200",
                        "attributes": {
                            "http_method": "OPTIONS",
                            "id": "giyeweqg8c/ld90db/OPTIONS/200",
                            "resource_id": "ld90db",
                            "response_models.%": "1",
                            "response_models.application/json": "Empty",
                            "response_parameters.%": "3",
                            "response_parameters.method.response.header.Access-Control-Allow-Headers": "false",
                            "response_parameters.method.response.header.Access-Control-Allow-Methods": "false",
                            "response_parameters.method.response.header.Access-Control-Allow-Origin": "false",
                            "rest_api_id": "giyeweqg8c",
                            "status_code": "200"
                        },
                        "meta": {
                            "schema_version": 0
                        },
                        "tainted": false
                    },
                    "deposed": [],
                    "provider": "provider.aws"
                },
                "aws_api_gateway_method_response.tfer--uhgwqthcj3-002F-j0uzgg-002F-GET-002F-200": {
                    "type": "aws_api_gateway_method_response",
                    "depends_on": [],
                    "primary": {
                        "id": "uhgwqthcj3/j0uzgg/GET/200",
                        "attributes": {
                            "http_method": "GET",
                            "id": "uhgwqthcj3/j0uzgg/GET/200",
                            "resource_id": "j0uzgg",
                            "response_models.%": "1",
                            "response_models.application/json": "Empty",
                            "response_parameters.%": "1",
                            "response_parameters.method.response.header.Access-Control-Allow-Origin": "false",
                            "rest_api_id": "uhgwqthcj3",
                            "status_code": "200"
                        },
                        "meta": {
                            "schema_version": 0
                        },
                        "tainted": false
                    },
                    "deposed": [],
                    "provider": "provider.aws"
                },
                "aws_api_gateway_method_response.tfer--uhgwqthcj3-002F-j0uzgg-002F-OPTIONS-002F-200": {
                    "type": "aws_api_gateway_method_response",
                    "depends_on": [],
                    "primary": {
                        "id": "uhgwqthcj3/j0uzgg/OPTIONS/200",
                        "attributes": {
                            "http_method": "OPTIONS",
                            "id": "uhgwqthcj3/j0uzgg/OPTIONS/200",
                            "resource_id": "j0uzgg",
                            "response_models.%": "1",
                            "response_models.application/json": "Empty",
                            "response_parameters.%": "3",
                            "response_parameters.method.response.header.Access-Control-Allow-Headers": "false",
                            "response_parameters.method.response.header.Access-Control-Allow-Methods": "false",
                            "response_parameters.method.response.header.Access-Control-Allow-Origin": "false",
                            "rest_api_id": "uhgwqthcj3",
                            "status_code": "200"
                        },
                        "meta": {
                            "schema_version": 0
                        },
                        "tainted": false
                    },
                    "deposed": [],
                    "provider": "provider.aws"
                },
                "aws_api_gateway_method_response.tfer--uhgwqthcj3-002F-kjzsbr-002F-OPTIONS-002F-200": {
                    "type": "aws_api_gateway_method_response",
                    "depends_on": [],
                    "primary": {
                        "id": "uhgwqthcj3/kjzsbr/OPTIONS/200",
                        "attributes": {
                            "http_method": "OPTIONS",
                            "id": "uhgwqthcj3/kjzsbr/OPTIONS/200",
                            "resource_id": "kjzsbr",
                            "response_models.%": "1",
                            "response_models.application/json": "Empty",
                            "response_parameters.%": "3",
                            "response_parameters.method.response.header.Access-Control-Allow-Headers": "false",
                            "response_parameters.method.response.header.Access-Control-Allow-Methods": "false",
                            "response_parameters.method.response.header.Access-Control-Allow-Origin": "false",
                            "rest_api_id": "uhgwqthcj3",
                            "status_code": "200"
                        },
                        "meta": {
                            "schema_version": 0
                        },
                        "tainted": false
                    },
                    "deposed": [],
                    "provider": "provider.aws"
                },
                "aws_api_gateway_method_response.tfer--uhgwqthcj3-002F-kjzsbr-002F-POST-002F-200": {
                    "type": "aws_api_gateway_method_response",
                    "depends_on": [],
                    "primary": {
                        "id": "uhgwqthcj3/kjzsbr/POST/200",
                        "attributes": {
                            "http_method": "POST",
                            "id": "uhgwqthcj3/kjzsbr/POST/200",
                            "resource_id": "kjzsbr",
                            "response_models.%": "1",
                            "response_models.application/json": "Empty",
                            "response_parameters.%": "0",
                            "rest_api_id": "uhgwqthcj3",
                            "status_code": "200"
                        },
                        "meta": {
                            "schema_version": 0
                        },
                        "tainted": false
                    },
                    "deposed": [],
                    "provider": "provider.aws"
                },
                "aws_api_gateway_model.tfer--7g27x7": {
                    "type": "aws_api_gateway_model",
                    "depends_on": [],
                    "primary": {
                        "id": "7g27x7",
                        "attributes": {
                            "content_type": "application/json",
                            "description": "This is a default empty schema model",
                            "id": "7g27x7",
                            "name": "Empty",
                            "rest_api_id": "0abe4bmm65",
                            "schema": "{\n  \"$schema\": \"http://json-schema.org/draft-04/schema#\",\n  \"title\" : \"Empty Schema\",\n  \"type\" : \"object\"\n}"
                        },
                        "meta": {
                            "schema_version": 0
                        },
                        "tainted": false
                    },
                    "deposed": [],
                    "provider": "provider.aws"
                },
                "aws_api_gateway_model.tfer--a19eu0": {
                    "type": "aws_api_gateway_model",
                    "depends_on": [],
                    "primary": {
                        "id": "a19eu0",
                        "attributes": {
                            "content_type": "application/json",
                            "description": "This is a default error schema model",
                            "id": "a19eu0",
                            "name": "Error",
                            "rest_api_id": "0abe4bmm65",
                            "schema": "{\n  \"$schema\" : \"http://json-schema.org/draft-04/schema#\",\n  \"title\" : \"Error Schema\",\n  \"type\" : \"object\",\n  \"properties\" : {\n    \"message\" : { \"type\" : \"string\" }\n  }\n}"
                        },
                        "meta": {
                            "schema_version": 0
                        },
                        "tainted": false
                    },
                    "deposed": [],
                    "provider": "provider.aws"
                },
                "aws_api_gateway_model.tfer--eqyhdg": {
                    "type": "aws_api_gateway_model",
                    "depends_on": [],
                    "primary": {
                        "id": "eqyhdg",
                        "attributes": {
                            "content_type": "application/json",
                            "description": "This is a default error schema model",
                            "id": "eqyhdg",
                            "name": "Error",
                            "rest_api_id": "uhgwqthcj3",
                            "schema": "{\n  \"$schema\" : \"http://json-schema.org/draft-04/schema#\",\n  \"title\" : \"Error Schema\",\n  \"type\" : \"object\",\n  \"properties\" : {\n    \"message\" : { \"type\" : \"string\" }\n  }\n}"
                        },
                        "meta": {
                            "schema_version": 0
                        },
                        "tainted": false
                    },
                    "deposed": [],
                    "provider": "provider.aws"
                },
                "aws_api_gateway_model.tfer--h9tm8j": {
                    "type": "aws_api_gateway_model",
                    "depends_on": [],
                    "primary": {
                        "id": "h9tm8j",
                        "attributes": {
                            "content_type": "application/json",
                            "description": "This is a default error schema model",
                            "id": "h9tm8j",
                            "name": "Error",
                            "rest_api_id": "giyeweqg8c",
                            "schema": "{\n  \"$schema\" : \"http://json-schema.org/draft-04/schema#\",\n  \"title\" : \"Error Schema\",\n  \"type\" : \"object\",\n  \"properties\" : {\n    \"message\" : { \"type\" : \"string\" }\n  }\n}"
                        },
                        "meta": {
                            "schema_version": 0
                        },
                        "tainted": false
                    },
                    "deposed": [],
                    "provider": "provider.aws"
                },
                "aws_api_gateway_model.tfer--jbswrn": {
                    "type": "aws_api_gateway_model",
                    "depends_on": [],
                    "primary": {
                        "id": "jbswrn",
                        "attributes": {
                            "content_type": "application/json",
                            "description": "This is a default empty schema model",
                            "id": "jbswrn",
                            "name": "Empty",
                            "rest_api_id": "uhgwqthcj3",
                            "schema": "{\n  \"$schema\": \"http://json-schema.org/draft-04/schema#\",\n  \"title\" : \"Empty Schema\",\n  \"type\" : \"object\"\n}"
                        },
                        "meta": {
                            "schema_version": 0
                        },
                        "tainted": false
                    },
                    "deposed": [],
                    "provider": "provider.aws"
                },
                "aws_api_gateway_model.tfer--xrn5pt": {
                    "type": "aws_api_gateway_model",
                    "depends_on": [],
                    "primary": {
                        "id": "xrn5pt",
                        "attributes": {
                            "content_type": "application/json",
                            "description": "This is a default empty schema model",
                            "id": "xrn5pt",
                            "name": "Empty",
                            "rest_api_id": "giyeweqg8c",
                            "schema": "{\n  \"$schema\": \"http://json-schema.org/draft-04/schema#\",\n  \"title\" : \"Empty Schema\",\n  \"type\" : \"object\"\n}"
                        },
                        "meta": {
                            "schema_version": 0
                        },
                        "tainted": false
                    },
                    "deposed": [],
                    "provider": "provider.aws"
                },
                "aws_api_gateway_resource.tfer--565dl1rcf9": {
                    "type": "aws_api_gateway_resource",
                    "depends_on": [],
                    "primary": {
                        "id": "565dl1rcf9",
                        "attributes": {
                            "id": "565dl1rcf9",
                            "parent_id": "",
                            "path": "/",
                            "path_part": "",
                            "rest_api_id": "uhgwqthcj3"
                        },
                        "meta": {
                            "schema_version": 0
                        },
                        "tainted": false
                    },
                    "deposed": [],
                    "provider": "provider.aws"
                },
                "aws_api_gateway_resource.tfer--59easd": {
                    "type": "aws_api_gateway_resource",
                    "depends_on": [],
                    "primary": {
                        "id": "59easd",
                        "attributes": {
                            "id": "59easd",
                            "parent_id": "sagtmt",
                            "path": "/question/{id}/upvote",
                            "path_part": "upvote",
                            "rest_api_id": "0abe4bmm65"
                        },
                        "meta": {
                            "schema_version": 0
                        },
                        "tainted": false
                    },
                    "deposed": [],
                    "provider": "provider.aws"
                },
                "aws_api_gateway_resource.tfer--76nyaq": {
                    "type": "aws_api_gateway_resource",
                    "depends_on": [],
                    "primary": {
                        "id": "76nyaq",
                        "attributes": {
                            "id": "76nyaq",
                            "parent_id": "8t2i0xkpb6",
                            "path": "/question",
                            "path_part": "question",
                            "rest_api_id": "0abe4bmm65"
                        },
                        "meta": {
                            "schema_version": 0
                        },
                        "tainted": false
                    },
                    "deposed": [],
                    "provider": "provider.aws"
                },
                "aws_api_gateway_resource.tfer--8t2i0xkpb6": {
                    "type": "aws_api_gateway_resource",
                    "depends_on": [],
                    "primary": {
                        "id": "8t2i0xkpb6",
                        "attributes": {
                            "id": "8t2i0xkpb6",
                            "parent_id": "",
                            "path": "/",
                            "path_part": "",
                            "rest_api_id": "0abe4bmm65"
                        },
                        "meta": {
                            "schema_version": 0
                        },
                        "tainted": false
                    },
                    "deposed": [],
                    "provider": "provider.aws"
                },
                "aws_api_gateway_resource.tfer--j0uzgg": {
                    "type": "aws_api_gateway_resource",
                    "depends_on": [],
                    "primary": {
                        "id": "j0uzgg",
                        "attributes": {
                            "id": "j0uzgg",
                            "parent_id": "565dl1rcf9",
                            "path": "/questions",
                            "path_part": "questions",
                            "rest_api_id": "uhgwqthcj3"
                        },
                        "meta": {
                            "schema_version": 0
                        },
                        "tainted": false
                    },
                    "deposed": [],
                    "provider": "provider.aws"
                },
                "aws_api_gateway_resource.tfer--kjzsbr": {
                    "type": "aws_api_gateway_resource",
                    "depends_on": [],
                    "primary": {
                        "id": "kjzsbr",
                        "attributes": {
                            "id": "kjzsbr",
                            "parent_id": "565dl1rcf9",
                            "path": "/question",
                            "path_part": "question",
                            "rest_api_id": "uhgwqthcj3"
                        },
                        "meta": {
                            "schema_version": 0
                        },
                        "tainted": false
                    },
                    "deposed": [],
                    "provider": "provider.aws"
                },
                "aws_api_gateway_resource.tfer--l22ltx": {
                    "type": "aws_api_gateway_resource",
                    "depends_on": [],
                    "primary": {
                        "id": "l22ltx",
                        "attributes": {
                            "id": "l22ltx",
                            "parent_id": "ld90db",
                            "path": "/question_id/{question_id}",
                            "path_part": "{question_id}",
                            "rest_api_id": "giyeweqg8c"
                        },
                        "meta": {
                            "schema_version": 0
                        },
                        "tainted": false
                    },
                    "deposed": [],
                    "provider": "provider.aws"
                },
                "aws_api_gateway_resource.tfer--ld90db": {
                    "type": "aws_api_gateway_resource",
                    "depends_on": [],
                    "primary": {
                        "id": "ld90db",
                        "attributes": {
                            "id": "ld90db",
                            "parent_id": "wux3zq4xi6",
                            "path": "/question_id",
                            "path_part": "question_id",
                            "rest_api_id": "giyeweqg8c"
                        },
                        "meta": {
                            "schema_version": 0
                        },
                        "tainted": false
                    },
                    "deposed": [],
                    "provider": "provider.aws"
                },
                "aws_api_gateway_resource.tfer--sagtmt": {
                    "type": "aws_api_gateway_resource",
                    "depends_on": [],
                    "primary": {
                        "id": "sagtmt",
                        "attributes": {
                            "id": "sagtmt",
                            "parent_id": "76nyaq",
                            "path": "/question/{id}",
                            "path_part": "{id}",
                            "rest_api_id": "0abe4bmm65"
                        },
                        "meta": {
                            "schema_version": 0
                        },
                        "tainted": false
                    },
                    "deposed": [],
                    "provider": "provider.aws"
                },
                "aws_api_gateway_resource.tfer--wux3zq4xi6": {
                    "type": "aws_api_gateway_resource",
                    "depends_on": [],
                    "primary": {
                        "id": "wux3zq4xi6",
                        "attributes": {
                            "id": "wux3zq4xi6",
                            "parent_id": "",
                            "path": "/",
                            "path_part": "",
                            "rest_api_id": "giyeweqg8c"
                        },
                        "meta": {
                            "schema_version": 0
                        },
                        "tainted": false
                    },
                    "deposed": [],
                    "provider": "provider.aws"
                },
                "aws_api_gateway_rest_api.tfer--Test-0020-API": {
                    "type": "aws_api_gateway_rest_api",
                    "depends_on": [],
                    "primary": {
                        "id": "uhgwqthcj3",
                        "attributes": {
                            "api_key_source": "HEADER",
                            "arn": "arn:aws:apigateway:us-east-1::/restapis/uhgwqthcj3",
                            "binary_media_types.#": "0",
                            "created_date": "2021-09-21T15:09:04Z",
                            "description": "Just a test API",
                            "disable_execute_api_endpoint": "false",
                            "endpoint_configuration.#": "1",
                            "endpoint_configuration.0.types.#": "1",
                            "endpoint_configuration.0.types.0": "REGIONAL",
                            "endpoint_configuration.0.vpc_endpoint_ids.#": "0",
                            "execution_arn": "arn:aws:execute-api:us-east-1:744302382340:uhgwqthcj3",
                            "id": "uhgwqthcj3",
                            "minimum_compression_size": "-1",
                            "name": "Test API",
                            "policy": "",
                            "root_resource_id": "565dl1rcf9",
                            "tags.%": "0",
                            "tags_all.%": "0"
                        },
                        "meta": {
                            "schema_version": 0
                        },
                        "tainted": false
                    },
                    "deposed": [],
                    "provider": "provider.aws"
                },
                "aws_api_gateway_rest_api.tfer--Upvote-0020-API": {
                    "type": "aws_api_gateway_rest_api",
                    "depends_on": [],
                    "primary": {
                        "id": "0abe4bmm65",
                        "attributes": {
                            "api_key_source": "HEADER",
                            "arn": "arn:aws:apigateway:us-east-1::/restapis/0abe4bmm65",
                            "binary_media_types.#": "0",
                            "created_date": "2021-09-22T14:54:59Z",
                            "description": "Upvote API",
                            "disable_execute_api_endpoint": "false",
                            "endpoint_configuration.#": "1",
                            "endpoint_configuration.0.types.#": "1",
                            "endpoint_configuration.0.types.0": "REGIONAL",
                            "endpoint_configuration.0.vpc_endpoint_ids.#": "0",
                            "execution_arn": "arn:aws:execute-api:us-east-1:744302382340:0abe4bmm65",
                            "id": "0abe4bmm65",
                            "minimum_compression_size": "-1",
                            "name": "Upvote API",
                            "policy": "",
                            "root_resource_id": "8t2i0xkpb6",
                            "tags.%": "0",
                            "tags_all.%": "0"
                        },
                        "meta": {
                            "schema_version": 0
                        },
                        "tainted": false
                    },
                    "deposed": [],
                    "provider": "provider.aws"
                },
                "aws_api_gateway_rest_api.tfer--getquestionbyid": {
                    "type": "aws_api_gateway_rest_api",
                    "depends_on": [],
                    "primary": {
                        "id": "giyeweqg8c",
                        "attributes": {
                            "api_key_source": "HEADER",
                            "arn": "arn:aws:apigateway:us-east-1::/restapis/giyeweqg8c",
                            "binary_media_types.#": "0",
                            "created_date": "2021-09-21T20:28:11Z",
                            "description": "get question info based on id",
                            "disable_execute_api_endpoint": "false",
                            "endpoint_configuration.#": "1",
                            "endpoint_configuration.0.types.#": "1",
                            "endpoint_configuration.0.types.0": "REGIONAL",
                            "endpoint_configuration.0.vpc_endpoint_ids.#": "0",
                            "execution_arn": "arn:aws:execute-api:us-east-1:744302382340:giyeweqg8c",
                            "id": "giyeweqg8c",
                            "minimum_compression_size": "-1",
                            "name": "getquestionbyid",
                            "policy": "",
                            "root_resource_id": "wux3zq4xi6",
                            "tags.%": "0",
                            "tags_all.%": "0"
                        },
                        "meta": {
                            "schema_version": 0
                        },
                        "tainted": false
                    },
                    "deposed": [],
                    "provider": "provider.aws"
                },
                "aws_api_gateway_stage.tfer--0abe4bmm65-002F-CFStage": {
                    "type": "aws_api_gateway_stage",
                    "depends_on": [],
                    "primary": {
                        "id": "0abe4bmm65/CFStage",
                        "attributes": {
                            "access_log_settings.#": "0",
                            "arn": "arn:aws:apigateway:us-east-1::/restapis/0abe4bmm65/stages/CFStage",
                            "cache_cluster_enabled": "false",
                            "cache_cluster_size": "0.5",
                            "client_certificate_id": "",
                            "deployment_id": "71qw8h",
                            "description": "",
                            "documentation_version": "",
                            "execution_arn": "arn:aws:execute-api:us-east-1:744302382340:0abe4bmm65/CFStage",
                            "id": "0abe4bmm65/CFStage",
                            "invoke_url": "https://0abe4bmm65.execute-api.us-east-1.amazonaws.com/CFStage",
                            "rest_api_id": "0abe4bmm65",
                            "stage_name": "CFStage",
                            "tags.%": "0",
                            "tags_all.%": "0",
                            "variables.%": "0",
                            "xray_tracing_enabled": "false"
                        },
                        "meta": {
                            "schema_version": 0
                        },
                        "tainted": false
                    },
                    "deposed": [],
                    "provider": "provider.aws"
                },
                "aws_api_gateway_stage.tfer--uhgwqthcj3-002F-CFStage": {
                    "type": "aws_api_gateway_stage",
                    "depends_on": [],
                    "primary": {
                        "id": "uhgwqthcj3/CFStage",
                        "attributes": {
                            "access_log_settings.#": "0",
                            "arn": "arn:aws:apigateway:us-east-1::/restapis/uhgwqthcj3/stages/CFStage",
                            "cache_cluster_enabled": "false",
                            "cache_cluster_size": "0.5",
                            "client_certificate_id": "",
                            "deployment_id": "daxtq5",
                            "description": "CodeFest Stage",
                            "documentation_version": "",
                            "execution_arn": "arn:aws:execute-api:us-east-1:744302382340:uhgwqthcj3/CFStage",
                            "id": "uhgwqthcj3/CFStage",
                            "invoke_url": "https://uhgwqthcj3.execute-api.us-east-1.amazonaws.com/CFStage",
                            "rest_api_id": "uhgwqthcj3",
                            "stage_name": "CFStage",
                            "tags.%": "0",
                            "tags_all.%": "0",
                            "variables.%": "0",
                            "xray_tracing_enabled": "false"
                        },
                        "meta": {
                            "schema_version": 0
                        },
                        "tainted": false
                    },
                    "deposed": [],
                    "provider": "provider.aws"
                }
            },
            "depends_on": []
        }
    ]
}
